// !$*UTF8*$!
{
	archiveVersion = 1;
	classes = {
	};
	objectVersion = 48;
	objects = {

/* Begin PBXBuildFile section */
		5EDC6F745DBC4757290895F1 /* DetailViewController.m in Sources */ = {isa = PBXBuildFile; fileRef = 5EDC6C4A2FCE0E0C69EE0E7D /* DetailViewController.m */; };
		62AC3E59205F97A5001242B2 /* AppDelegate.m in Sources */ = {isa = PBXBuildFile; fileRef = 62AC3E58205F97A5001242B2 /* AppDelegate.m */; };
		62AC3E5C205F97A5001242B2 /* ViewController.m in Sources */ = {isa = PBXBuildFile; fileRef = 62AC3E5B205F97A5001242B2 /* ViewController.m */; };
		62AC3E5F205F97A5001242B2 /* Main.storyboard in Resources */ = {isa = PBXBuildFile; fileRef = 62AC3E5D205F97A5001242B2 /* Main.storyboard */; };
		62AC3E61205F97A5001242B2 /* Assets.xcassets in Resources */ = {isa = PBXBuildFile; fileRef = 62AC3E60205F97A5001242B2 /* Assets.xcassets */; };
		62AC3E64205F97A5001242B2 /* LaunchScreen.storyboard in Resources */ = {isa = PBXBuildFile; fileRef = 62AC3E62205F97A5001242B2 /* LaunchScreen.storyboard */; };
		62AC3E67205F97A5001242B2 /* main.m in Sources */ = {isa = PBXBuildFile; fileRef = 62AC3E66205F97A5001242B2 /* main.m */; };
		62AC3E71205F97A5001242B2 /* ContactDemoTests.m in Sources */ = {isa = PBXBuildFile; fileRef = 62AC3E70205F97A5001242B2 /* ContactDemoTests.m */; };
		62AC3E7C205F97A5001242B2 /* ContactDemoUITests.m in Sources */ = {isa = PBXBuildFile; fileRef = 62AC3E7B205F97A5001242B2 /* ContactDemoUITests.m */; };
		62AC3E8A205F97CD001242B2 /* contacts.plist in Resources */ = {isa = PBXBuildFile; fileRef = 62AC3E89205F97CD001242B2 /* contacts.plist */; };
/* End PBXBuildFile section */

/* Begin PBXContainerItemProxy section */
		62AC3E6D205F97A5001242B2 /* PBXContainerItemProxy */ = {
			isa = PBXContainerItemProxy;
			containerPortal = 62AC3E4C205F97A5001242B2 /* Project object */;
			proxyType = 1;
			remoteGlobalIDString = 62AC3E53205F97A5001242B2;
			remoteInfo = ContactDemo;
		};
		62AC3E78205F97A5001242B2 /* PBXContainerItemProxy */ = {
			isa = PBXContainerItemProxy;
			containerPortal = 62AC3E4C205F97A5001242B2 /* Project object */;
			proxyType = 1;
			remoteGlobalIDString = 62AC3E53205F97A5001242B2;
			remoteInfo = ContactDemo;
		};
/* End PBXContainerItemProxy section */

/* Begin PBXFileReference section */
		5EDC65B02ECC4B0F192BF43C /* DetailViewController.h */ = {isa = PBXFileReference; fileEncoding = 4; lastKnownFileType = sourcecode.c.h; path = DetailViewController.h; sourceTree = "<group>"; };
		5EDC6C4A2FCE0E0C69EE0E7D /* DetailViewController.m */ = {isa = PBXFileReference; fileEncoding = 4; lastKnownFileType = sourcecode.c.objc; path = DetailViewController.m; sourceTree = "<group>"; };
		62AC3E54205F97A5001242B2 /* ContactDemo.app */ = {isa = PBXFileReference; explicitFileType = wrapper.application; includeInIndex = 0; path = ContactDemo.app; sourceTree = BUILT_PRODUCTS_DIR; };
		62AC3E57205F97A5001242B2 /* AppDelegate.h */ = {isa = PBXFileReference; lastKnownFileType = sourcecode.c.h; path = AppDelegate.h; sourceTree = "<group>"; };
		62AC3E58205F97A5001242B2 /* AppDelegate.m */ = {isa = PBXFileReference; lastKnownFileType = sourcecode.c.objc; path = AppDelegate.m; sourceTree = "<group>"; };
		62AC3E5A205F97A5001242B2 /* ViewController.h */ = {isa = PBXFileReference; lastKnownFileType = sourcecode.c.h; path = ViewController.h; sourceTree = "<group>"; };
		62AC3E5B205F97A5001242B2 /* ViewController.m */ = {isa = PBXFileReference; lastKnownFileType = sourcecode.c.objc; path = ViewController.m; sourceTree = "<group>"; };
		62AC3E5E205F97A5001242B2 /* Base */ = {isa = PBXFileReference; lastKnownFileType = file.storyboard; name = Base; path = Base.lproj/Main.storyboard; sourceTree = "<group>"; };
		62AC3E60205F97A5001242B2 /* Assets.xcassets */ = {isa = PBXFileReference; lastKnownFileType = folder.assetcatalog; path = Assets.xcassets; sourceTree = "<group>"; };
		62AC3E63205F97A5001242B2 /* Base */ = {isa = PBXFileReference; lastKnownFileType = file.storyboard; name = Base; path = Base.lproj/LaunchScreen.storyboard; sourceTree = "<group>"; };
		62AC3E65205F97A5001242B2 /* Info.plist */ = {isa = PBXFileReference; lastKnownFileType = text.plist.xml; path = Info.plist; sourceTree = "<group>"; };
		62AC3E66205F97A5001242B2 /* main.m */ = {isa = PBXFileReference; lastKnownFileType = sourcecode.c.objc; path = main.m; sourceTree = "<group>"; };
		62AC3E6C205F97A5001242B2 /* ContactDemoTests.xctest */ = {isa = PBXFileReference; explicitFileType = wrapper.cfbundle; includeInIndex = 0; path = ContactDemoTests.xctest; sourceTree = BUILT_PRODUCTS_DIR; };
		62AC3E70205F97A5001242B2 /* ContactDemoTests.m */ = {isa = PBXFileReference; lastKnownFileType = sourcecode.c.objc; path = ContactDemoTests.m; sourceTree = "<group>"; };
		62AC3E72205F97A5001242B2 /* Info.plist */ = {isa = PBXFileReference; lastKnownFileType = text.plist.xml; path = Info.plist; sourceTree = "<group>"; };
		62AC3E77205F97A5001242B2 /* ContactDemoUITests.xctest */ = {isa = PBXFileReference; explicitFileType = wrapper.cfbundle; includeInIndex = 0; path = ContactDemoUITests.xctest; sourceTree = BUILT_PRODUCTS_DIR; };
		62AC3E7B205F97A5001242B2 /* ContactDemoUITests.m */ = {isa = PBXFileReference; lastKnownFileType = sourcecode.c.objc; path = ContactDemoUITests.m; sourceTree = "<group>"; };
		62AC3E7D205F97A5001242B2 /* Info.plist */ = {isa = PBXFileReference; lastKnownFileType = text.plist.xml; path = Info.plist; sourceTree = "<group>"; };
		62AC3E89205F97CD001242B2 /* contacts.plist */ = {isa = PBXFileReference; lastKnownFileType = text.plist.xml; path = contacts.plist; sourceTree = "<group>"; };
/* End PBXFileReference section */

/* Begin PBXFrameworksBuildPhase section */
		62AC3E51205F97A5001242B2 /* Frameworks */ = {
			isa = PBXFrameworksBuildPhase;
			buildActionMask = 2147483647;
			files = (
			);
			runOnlyForDeploymentPostprocessing = 0;
		};
		62AC3E69205F97A5001242B2 /* Frameworks */ = {
			isa = PBXFrameworksBuildPhase;
			buildActionMask = 2147483647;
			files = (
			);
			runOnlyForDeploymentPostprocessing = 0;
		};
		62AC3E74205F97A5001242B2 /* Frameworks */ = {
			isa = PBXFrameworksBuildPhase;
			buildActionMask = 2147483647;
			files = (
			);
			runOnlyForDeploymentPostprocessing = 0;
		};
/* End PBXFrameworksBuildPhase section */

/* Begin PBXGroup section */
		62AC3E4B205F97A5001242B2 = {
			isa = PBXGroup;
			children = (
				62AC3E56205F97A5001242B2 /* ContactDemo */,
				62AC3E6F205F97A5001242B2 /* ContactDemoTests */,
				62AC3E7A205F97A5001242B2 /* ContactDemoUITests */,
				62AC3E55205F97A5001242B2 /* Products */,
			);
			sourceTree = "<group>";
		};
		62AC3E55205F97A5001242B2 /* Products */ = {
			isa = PBXGroup;
			children = (
				62AC3E54205F97A5001242B2 /* ContactDemo.app */,
				62AC3E6C205F97A5001242B2 /* ContactDemoTests.xctest */,
				62AC3E77205F97A5001242B2 /* ContactDemoUITests.xctest */,
			);
			name = Products;
			sourceTree = "<group>";
		};
		62AC3E56205F97A5001242B2 /* ContactDemo */ = {
			isa = PBXGroup;
			children = (
				62AC3E89205F97CD001242B2 /* contacts.plist */,
				62AC3E57205F97A5001242B2 /* AppDelegate.h */,
				62AC3E58205F97A5001242B2 /* AppDelegate.m */,
				62AC3E5A205F97A5001242B2 /* ViewController.h */,
				62AC3E5B205F97A5001242B2 /* ViewController.m */,
				62AC3E5D205F97A5001242B2 /* Main.storyboard */,
				62AC3E60205F97A5001242B2 /* Assets.xcassets */,
				62AC3E62205F97A5001242B2 /* LaunchScreen.storyboard */,
				62AC3E65205F97A5001242B2 /* Info.plist */,
				62AC3E66205F97A5001242B2 /* main.m */,
				5EDC65B02ECC4B0F192BF43C /* DetailViewController.h */,
				5EDC6C4A2FCE0E0C69EE0E7D /* DetailViewController.m */,
			);
			path = ContactDemo;
			sourceTree = "<group>";
		};
		62AC3E6F205F97A5001242B2 /* ContactDemoTests */ = {
			isa = PBXGroup;
			children = (
				62AC3E70205F97A5001242B2 /* ContactDemoTests.m */,
				62AC3E72205F97A5001242B2 /* Info.plist */,
			);
			path = ContactDemoTests;
			sourceTree = "<group>";
		};
		62AC3E7A205F97A5001242B2 /* ContactDemoUITests */ = {
			isa = PBXGroup;
			children = (
				62AC3E7B205F97A5001242B2 /* ContactDemoUITests.m */,
				62AC3E7D205F97A5001242B2 /* Info.plist */,
			);
			path = ContactDemoUITests;
			sourceTree = "<group>";
		};
/* End PBXGroup section */

/* Begin PBXNativeTarget section */
		62AC3E53205F97A5001242B2 /* ContactDemo */ = {
			isa = PBXNativeTarget;
			buildConfigurationList = 62AC3E80205F97A5001242B2 /* Build configuration list for PBXNativeTarget "ContactDemo" */;
			buildPhases = (
				62AC3E50205F97A5001242B2 /* Sources */,
				62AC3E51205F97A5001242B2 /* Frameworks */,
				62AC3E52205F97A5001242B2 /* Resources */,
			);
			buildRules = (
			);
			dependencies = (
			);
			name = ContactDemo;
			productName = ContactDemo;
			productReference = 62AC3E54205F97A5001242B2 /* ContactDemo.app */;
			productType = "com.apple.product-type.application";
		};
		62AC3E6B205F97A5001242B2 /* ContactDemoTests */ = {
			isa = PBXNativeTarget;
			buildConfigurationList = 62AC3E83205F97A5001242B2 /* Build configuration list for PBXNativeTarget "ContactDemoTests" */;
			buildPhases = (
				62AC3E68205F97A5001242B2 /* Sources */,
				62AC3E69205F97A5001242B2 /* Frameworks */,
				62AC3E6A205F97A5001242B2 /* Resources */,
			);
			buildRules = (
			);
			dependencies = (
				62AC3E6E205F97A5001242B2 /* PBXTargetDependency */,
			);
			name = ContactDemoTests;
			productName = ContactDemoTests;
			productReference = 62AC3E6C205F97A5001242B2 /* ContactDemoTests.xctest */;
			productType = "com.apple.product-type.bundle.unit-test";
		};
		62AC3E76205F97A5001242B2 /* ContactDemoUITests */ = {
			isa = PBXNativeTarget;
			buildConfigurationList = 62AC3E86205F97A5001242B2 /* Build configuration list for PBXNativeTarget "ContactDemoUITests" */;
			buildPhases = (
				62AC3E73205F97A5001242B2 /* Sources */,
				62AC3E74205F97A5001242B2 /* Frameworks */,
				62AC3E75205F97A5001242B2 /* Resources */,
			);
			buildRules = (
			);
			dependencies = (
				62AC3E79205F97A5001242B2 /* PBXTargetDependency */,
			);
			name = ContactDemoUITests;
			productName = ContactDemoUITests;
			productReference = 62AC3E77205F97A5001242B2 /* ContactDemoUITests.xctest */;
			productType = "com.apple.product-type.bundle.ui-testing";
		};
/* End PBXNativeTarget section */

/* Begin PBXProject section */
		62AC3E4C205F97A5001242B2 /* Project object */ = {
			isa = PBXProject;
			attributes = {
				LastUpgradeCheck = 0920;
				ORGANIZATIONNAME = houlx.ssdut;
				TargetAttributes = {
					62AC3E53205F97A5001242B2 = {
						CreatedOnToolsVersion = 9.2;
						ProvisioningStyle = Automatic;
					};
					62AC3E6B205F97A5001242B2 = {
						CreatedOnToolsVersion = 9.2;
						ProvisioningStyle = Automatic;
						TestTargetID = 62AC3E53205F97A5001242B2;
					};
					62AC3E76205F97A5001242B2 = {
						CreatedOnToolsVersion = 9.2;
						ProvisioningStyle = Automatic;
						TestTargetID = 62AC3E53205F97A5001242B2;
					};
				};
			};
			buildConfigurationList = 62AC3E4F205F97A5001242B2 /* Build configuration list for PBXProject "ContactDemo" */;
			compatibilityVersion = "Xcode 8.0";
			developmentRegion = en;
			hasScannedForEncodings = 0;
			knownRegions = (
				en,
				Base,
			);
			mainGroup = 62AC3E4B205F97A5001242B2;
			productRefGroup = 62AC3E55205F97A5001242B2 /* Products */;
			projectDirPath = "";
			projectRoot = "";
			targets = (
				62AC3E53205F97A5001242B2 /* ContactDemo */,
				62AC3E6B205F97A5001242B2 /* ContactDemoTests */,
				62AC3E76205F97A5001242B2 /* ContactDemoUITests */,
			);
		};
/* End PBXProject section */

/* Begin PBXResourcesBuildPhase section */
		62AC3E52205F97A5001242B2 /* Resources */ = {
			isa = PBXResourcesBuildPhase;
			buildActionMask = 2147483647;
			files = (
				62AC3E64205F97A5001242B2 /* LaunchScreen.storyboard in Resources */,
				62AC3E61205F97A5001242B2 /* Assets.xcassets in Resources */,
				62AC3E5F205F97A5001242B2 /* Main.storyboard in Resources */,
				62AC3E8A205F97CD001242B2 /* contacts.plist in Resources */,
			);
			runOnlyForDeploymentPostprocessing = 0;
		};
		62AC3E6A205F97A5001242B2 /* Resources */ = {
			isa = PBXResourcesBuildPhase;
			buildActionMask = 2147483647;
			files = (
			);
			runOnlyForDeploymentPostprocessing = 0;
		};
		62AC3E75205F97A5001242B2 /* Resources */ = {
			isa = PBXResourcesBuildPhase;
			buildActionMask = 2147483647;
			files = (
			);
			runOnlyForDeploymentPostprocessing = 0;
		};
/* End PBXResourcesBuildPhase section */

/* Begin PBXSourcesBuildPhase section */
		62AC3E50205F97A5001242B2 /* Sources */ = {
			isa = PBXSourcesBuildPhase;
			buildActionMask = 2147483647;
			files = (
				62AC3E5C205F97A5001242B2 /* ViewController.m in Sources */,
				62AC3E67205F97A5001242B2 /* main.m in Sources */,
				62AC3E59205F97A5001242B2 /* AppDelegate.m in Sources */,
				5EDC6F745DBC4757290895F1 /* DetailViewController.m in Sources */,
			);
			runOnlyForDeploymentPostprocessing = 0;
		};
		62AC3E68205F97A5001242B2 /* Sources */ = {
			isa = PBXSourcesBuildPhase;
			buildActionMask = 2147483647;
			files = (
				62AC3E71205F97A5001242B2 /* ContactDemoTests.m in Sources */,
			);
			runOnlyForDeploymentPostprocessing = 0;
		};
		62AC3E73205F97A5001242B2 /* Sources */ = {
			isa = PBXSourcesBuildPhase;
			buildActionMask = 2147483647;
			files = (
				62AC3E7C205F97A5001242B2 /* ContactDemoUITests.m in Sources */,
			);
			runOnlyForDeploymentPostprocessing = 0;
		};
/* End PBXSourcesBuildPhase section */

/* Begin PBXTargetDependency section */
		62AC3E6E205F97A5001242B2 /* PBXTargetDependency */ = {
			isa = PBXTargetDependency;
			target = 62AC3E53205F97A5001242B2 /* ContactDemo */;
			targetProxy = 62AC3E6D205F97A5001242B2 /* PBXContainerItemProxy */;
		};
		62AC3E79205F97A5001242B2 /* PBXTargetDependency */ = {
			isa = PBXTargetDependency;
			target = 62AC3E53205F97A5001242B2 /* ContactDemo */;
			targetProxy = 62AC3E78205F97A5001242B2 /* PBXContainerItemProxy */;
		};
/* End PBXTargetDependency section */

/* Begin PBXVariantGroup section */
		62AC3E5D205F97A5001242B2 /* Main.storyboard */ = {
			isa = PBXVariantGroup;
			children = (
				62AC3E5E205F97A5001242B2 /* Base */,
			);
			name = Main.storyboard;
			sourceTree = "<group>";
		};
		62AC3E62205F97A5001242B2 /* LaunchScreen.storyboard */ = {
			isa = PBXVariantGroup;
			children = (
				62AC3E63205F97A5001242B2 /* Base */,
			);
			name = LaunchScreen.storyboard;
			sourceTree = "<group>";
		};
/* End PBXVariantGroup section */

/* Begin XCBuildConfiguration section */
		62AC3E7E205F97A5001242B2 /* Debug */ = {
			isa = XCBuildConfiguration;
			buildSettings = {
				ALWAYS_SEARCH_USER_PATHS = NO;
				CLANG_ANALYZER_NONNULL = YES;
				CLANG_ANALYZER_NUMBER_OBJECT_CONVERSION = YES_AGGRESSIVE;
				CLANG_CXX_LANGUAGE_STANDARD = "gnu++14";
				CLANG_CXX_LIBRARY = "libc++";
				CLANG_ENABLE_MODULES = YES;
				CLANG_ENABLE_OBJC_ARC = YES;
				CLANG_WARN_BLOCK_CAPTURE_AUTORELEASING = YES;
				CLANG_WARN_BOOL_CONVERSION = YES;
				CLANG_WARN_COMMA = YES;
				CLANG_WARN_CONSTANT_CONVERSION = YES;
				CLANG_WARN_DIRECT_OBJC_ISA_USAGE = YES_ERROR;
				CLANG_WARN_DOCUMENTATION_COMMENTS = YES;
				CLANG_WARN_EMPTY_BODY = YES;
				CLANG_WARN_ENUM_CONVERSION = YES;
				CLANG_WARN_INFINITE_RECURSION = YES;
				CLANG_WARN_INT_CONVERSION = YES;
				CLANG_WARN_NON_LITERAL_NULL_CONVERSION = YES;
				CLANG_WARN_OBJC_LITERAL_CONVERSION = YES;
				CLANG_WARN_OBJC_ROOT_CLASS = YES_ERROR;
				CLANG_WARN_RANGE_LOOP_ANALYSIS = YES;
				CLANG_WARN_STRICT_PROTOTYPES = YES;
				CLANG_WARN_SUSPICIOUS_MOVE = YES;
				CLANG_WARN_UNGUARDED_AVAILABILITY = YES_AGGRESSIVE;
				CLANG_WARN_UNREACHABLE_CODE = YES;
				CLANG_WARN__DUPLICATE_METHOD_MATCH = YES;
				CODE_SIGN_IDENTITY = "iPhone Developer";
				COPY_PHASE_STRIP = NO;
				DEBUG_INFORMATION_FORMAT = dwarf;
				ENABLE_STRICT_OBJC_MSGSEND = YES;
				ENABLE_TESTABILITY = YES;
				GCC_C_LANGUAGE_STANDARD = gnu11;
				GCC_DYNAMIC_NO_PIC = NO;
				GCC_NO_COMMON_BLOCKS = YES;
				GCC_OPTIMIZATION_LEVEL = 0;
				GCC_PREPROCESSOR_DEFINITIONS = (
					"DEBUG=1",
					"$(inherited)",
				);
				GCC_WARN_64_TO_32_BIT_CONVERSION = YES;
				GCC_WARN_ABOUT_RETURN_TYPE = YES_ERROR;
				GCC_WARN_UNDECLARED_SELECTOR = YES;
				GCC_WARN_UNINITIALIZED_AUTOS = YES_AGGRESSIVE;
				GCC_WARN_UNUSED_FUNCTION = YES;
				GCC_WARN_UNUSED_VARIABLE = YES;
				IPHONEOS_DEPLOYMENT_TARGET = 11.2;
				MTL_ENABLE_DEBUG_INFO = YES;
				ONLY_ACTIVE_ARCH = YES;
				SDKROOT = iphoneos;
			};
			name = Debug;
		};
		62AC3E7F205F97A5001242B2 /* Release */ = {
			isa = XCBuildConfiguration;
			buildSettings = {
				ALWAYS_SEARCH_USER_PATHS = NO;
				CLANG_ANALYZER_NONNULL = YES;
				CLANG_ANALYZER_NUMBER_OBJECT_CONVERSION = YES_AGGRESSIVE;
				CLANG_CXX_LANGUAGE_STANDARD = "gnu++14";
				CLANG_CXX_LIBRARY = "libc++";
				CLANG_ENABLE_MODULES = YES;
				CLANG_ENABLE_OBJC_ARC = YES;
				CLANG_WARN_BLOCK_CAPTURE_AUTORELEASING = YES;
				CLANG_WARN_BOOL_CONVERSION = YES;
				CLANG_WARN_COMMA = YES;
				CLANG_WARN_CONSTANT_CONVERSION = YES;
				CLANG_WARN_DIRECT_OBJC_ISA_USAGE = YES_ERROR;
				CLANG_WARN_DOCUMENTATION_COMMENTS = YES;
				CLANG_WARN_EMPTY_BODY = YES;
				CLANG_WARN_ENUM_CONVERSION = YES;
				CLANG_WARN_INFINITE_RECURSION = YES;
				CLANG_WARN_INT_CONVERSION = YES;
				CLANG_WARN_NON_LITERAL_NULL_CONVERSION = YES;
				CLANG_WARN_OBJC_LITERAL_CONVERSION = YES;
				CLANG_WARN_OBJC_ROOT_CLASS = YES_ERROR;
				CLANG_WARN_RANGE_LOOP_ANALYSIS = YES;
				CLANG_WARN_STRICT_PROTOTYPES = YES;
				CLANG_WARN_SUSPICIOUS_MOVE = YES;
				CLANG_WARN_UNGUARDED_AVAILABILITY = YES_AGGRESSIVE;
				CLANG_WARN_UNREACHABLE_CODE = YES;
				CLANG_WARN__DUPLICATE_METHOD_MATCH = YES;
				CODE_SIGN_IDENTITY = "iPhone Developer";
				COPY_PHASE_STRIP = NO;
				DEBUG_INFORMATION_FORMAT = "dwarf-with-dsym";
				ENABLE_NS_ASSERTIONS = NO;
				ENABLE_STRICT_OBJC_MSGSEND = YES;
				GCC_C_LANGUAGE_STANDARD = gnu11;
				GCC_NO_COMMON_BLOCKS = YES;
				GCC_WARN_64_TO_32_BIT_CONVERSION = YES;
				GCC_WARN_ABOUT_RETURN_TYPE = YES_ERROR;
				GCC_WARN_UNDECLARED_SELECTOR = YES;
				GCC_WARN_UNINITIALIZED_AUTOS = YES_AGGRESSIVE;
				GCC_WARN_UNUSED_FUNCTION = YES;
				GCC_WARN_UNUSED_VARIABLE = YES;
				IPHONEOS_DEPLOYMENT_TARGET = 11.2;
				MTL_ENABLE_DEBUG_INFO = NO;
				SDKROOT = iphoneos;
				VALIDATE_PRODUCT = YES;
			};
			name = Release;
		};
		62AC3E81205F97A5001242B2 /* Debug */ = {
			isa = XCBuildConfiguration;
			buildSettings = {
				ASSETCATALOG_COMPILER_APPICON_NAME = AppIcon;
				CODE_SIGN_STYLE = Automatic;
				DEVELOPMENT_TEAM = UD4PDXT9JQ;
				INFOPLIST_FILE = ContactDemo/Info.plist;
				LD_RUNPATH_SEARCH_PATHS = "$(inherited) @executable_path/Frameworks";
				PRODUCT_BUNDLE_IDENTIFIER = hou.ContactDemo;
				PRODUCT_NAME = "$(TARGET_NAME)";
				TARGETED_DEVICE_FAMILY = "1,2";
			};
			name = Debug;
		};
		62AC3E82205F97A5001242B2 /* Release */ = {
			isa = XCBuildConfiguration;
			buildSettings = {
				ASSETCATALOG_COMPILER_APPICON_NAME = AppIcon;
				CODE_SIGN_STYLE = Automatic;
				DEVELOPMENT_TEAM = UD4PDXT9JQ;
				INFOPLIST_FILE = ContactDemo/Info.plist;
				LD_RUNPATH_SEARCH_PATHS = "$(inherited) @executable_path/Frameworks";
				PRODUCT_BUNDLE_IDENTIFIER = hou.ContactDemo;
				PRODUCT_NAME = "$(TARGET_NAME)";
				TARGETED_DEVICE_FAMILY = "1,2";
			};
			name = Release;
		};
		62AC3E84205F97A5001242B2 /* Debug */ = {
			isa = XCBuildConfiguration;
			buildSettings = {
				BUNDLE_LOADER = "$(TEST_HOST)";
				CODE_SIGN_STYLE = Automatic;
				DEVELOPMENT_TEAM = UD4PDXT9JQ;
				INFOPLIST_FILE = ContactDemoTests/Info.plist;
				LD_RUNPATH_SEARCH_PATHS = "$(inherited) @executable_path/Frameworks @loader_path/Frameworks";
				PRODUCT_BUNDLE_IDENTIFIER = hou.ContactDemoTests;
				PRODUCT_NAME = "$(TARGET_NAME)";
				TARGETED_DEVICE_FAMILY = "1,2";
				TEST_HOST = "$(BUILT_PRODUCTS_DIR)/ContactDemo.app/ContactDemo";
			};
			name = Debug;
		};
		62AC3E85205F97A5001242B2 /* Release */ = {
			isa = XCBuildConfiguration;
			buildSettings = {
				BUNDLE_LOADER = "$(TEST_HOST)";
				CODE_SIGN_STYLE = Automatic;
				DEVELOPMENT_TEAM = UD4PDXT9JQ;
				INFOPLIST_FILE = ContactDemoTests/Info.plist;
				LD_RUNPATH_SEARCH_PATHS = "$(inherited) @executable_path/Frameworks @loader_path/Frameworks";
				PRODUCT_BUNDLE_IDENTIFIER = hou.ContactDemoTests;
				PRODUCT_NAME = "$(TARGET_NAME)";
				TARGETED_DEVICE_FAMILY = "1,2";
				TEST_HOST = "$(BUILT_PRODUCTS_DIR)/ContactDemo.app/ContactDemo";
			};
			name = Release;
		};
		62AC3E87205F97A5001242B2 /* Debug */ = {
			isa = XCBuildConfiguration;
			buildSettings = {
				CODE_SIGN_STYLE = Automatic;
				DEVELOPMENT_TEAM = UD4PDXT9JQ;
				INFOPLIST_FILE = ContactDemoUITests/Info.plist;
				LD_RUNPATH_SEARCH_PATHS = "$(inherited) @executable_path/Frameworks @loader_path/Frameworks";
				PRODUCT_BUNDLE_IDENTIFIER = hou.ContactDemoUITests;
				PRODUCT_NAME = "$(TARGET_NAME)";
				TARGETED_DEVICE_FAMILY = "1,2";
				TEST_TARGET_NAME = ContactDemo;
			};
			name = Debug;
		};
		62AC3E88205F97A5001242B2 /* Release */ = {
			isa = XCBuildConfiguration;
			buildSettings = {
				CODE_SIGN_STYLE = Automatic;
				DEVELOPMENT_TEAM = UD4PDXT9JQ;
				INFOPLIST_FILE = ContactDemoUITests/Info.plist;
				LD_RUNPATH_SEARCH_PATHS = "$(inherited) @executable_path/Frameworks @loader_path/Frameworks";
				PRODUCT_BUNDLE_IDENTIFIER = hou.ContactDemoUITests;
				PRODUCT_NAME = "$(TARGET_NAME)";
				TARGETED_DEVICE_FAMILY = "1,2";
				TEST_TARGET_NAME = ContactDemo;
			};
			name = Release;
		};
/* End XCBuildConfiguration section */

/* Begin XCConfigurationList section */
		62AC3E4F205F97A5001242B2 /* Build configuration list for PBXProject "ContactDemo" */ = {
			isa = XCConfigurationList;
			buildConfigurations = (
				62AC3E7E205F97A5001242B2 /* Debug */,
				62AC3E7F205F97A5001242B2 /* Release */,
			);
			defaultConfigurationIsVisible = 0;
			defaultConfigurationName = Release;
		};
		62AC3E80205F97A5001242B2 /* Build configuration list for PBXNativeTarget "ContactDemo" */ = {
			isa = XCConfigurationList;
			buildConfigurations = (
				62AC3E81205F97A5001242B2 /* Debug */,
				62AC3E82205F97A5001242B2 /* Release */,
			);
			defaultConfigurationIsVisible = 0;
			defaultConfigurationName = Release;
		};
		62AC3E83205F97A5001242B2 /* Build configuration list for PBXNativeTarget "ContactDemoTests" */ = {
			isa = XCConfigurationList;
			buildConfigurations = (
				62AC3E84205F97A5001242B2 /* Debug */,
				62AC3E85205F97A5001242B2 /* Release */,
			);
			defaultConfigurationIsVisible = 0;
			defaultConfigurationName = Release;
		};
		62AC3E86205F97A5001242B2 /* Build configuration list for PBXNativeTarget "ContactDemoUITests" */ = {
			isa = XCConfigurationList;
			buildConfigurations = (
				62AC3E87205F97A5001242B2 /* Debug */,
				62AC3E88205F97A5001242B2 /* Release */,
			);
			defaultConfigurationIsVisible = 0;
			defaultConfigurationName = Release;
		};
/* End XCConfigurationList section */
	};
	rootObject = 62AC3E4C205F97A5001242B2 /* Project object */;
}
