// !$*UTF8*$!
{
	archiveVersion = 1;
	classes = {
	};
	objectVersion = 50;
	objects = {

/* Begin PBXBuildFile section */
		6204724A2072426900EA05F7 /* AppDelegate.m in Sources */ = {isa = PBXBuildFile; fileRef = 620472492072426900EA05F7 /* AppDelegate.m */; };
		6204724D2072426900EA05F7 /* ViewController.m in Sources */ = {isa = PBXBuildFile; fileRef = 6204724C2072426900EA05F7 /* ViewController.m */; };
		620472502072426900EA05F7 /* Main.storyboard in Resources */ = {isa = PBXBuildFile; fileRef = 6204724E2072426900EA05F7 /* Main.storyboard */; };
		620472532072426900EA05F7 /* ContactDemoCoreData.xcdatamodeld in Sources */ = {isa = PBXBuildFile; fileRef = 620472512072426900EA05F7 /* ContactDemoCoreData.xcdatamodeld */; };
		620472552072426A00EA05F7 /* Assets.xcassets in Resources */ = {isa = PBXBuildFile; fileRef = 620472542072426A00EA05F7 /* Assets.xcassets */; };
		620472582072426A00EA05F7 /* LaunchScreen.storyboard in Resources */ = {isa = PBXBuildFile; fileRef = 620472562072426A00EA05F7 /* LaunchScreen.storyboard */; };
		6204725B2072426A00EA05F7 /* main.m in Sources */ = {isa = PBXBuildFile; fileRef = 6204725A2072426A00EA05F7 /* main.m */; };
		620472652072426A00EA05F7 /* ContactDemoCoreDataTests.m in Sources */ = {isa = PBXBuildFile; fileRef = 620472642072426A00EA05F7 /* ContactDemoCoreDataTests.m */; };
		620472702072426A00EA05F7 /* ContactDemoCoreDataUITests.m in Sources */ = {isa = PBXBuildFile; fileRef = 6204726F2072426A00EA05F7 /* ContactDemoCoreDataUITests.m */; };
		620472872072454000EA05F7 /* PersonManagedObject+CoreDataClass.m in Sources */ = {isa = PBXBuildFile; fileRef = 620472852072454000EA05F7 /* PersonManagedObject+CoreDataClass.m */; };
		620472882072454000EA05F7 /* PersonManagedObject+CoreDataProperties.m in Sources */ = {isa = PBXBuildFile; fileRef = 620472862072454000EA05F7 /* PersonManagedObject+CoreDataProperties.m */; };
		6204728D2072463200EA05F7 /* DetailViewController.m in Sources */ = {isa = PBXBuildFile; fileRef = 620472892072463200EA05F7 /* DetailViewController.m */; };
		6204728E2072463200EA05F7 /* AddContactViewController.m in Sources */ = {isa = PBXBuildFile; fileRef = 6204728A2072463200EA05F7 /* AddContactViewController.m */; };
/* End PBXBuildFile section */

/* Begin PBXContainerItemProxy section */
		620472612072426A00EA05F7 /* PBXContainerItemProxy */ = {
			isa = PBXContainerItemProxy;
			containerPortal = 6204723D2072426900EA05F7 /* Project object */;
			proxyType = 1;
			remoteGlobalIDString = 620472442072426900EA05F7;
			remoteInfo = FUCK;
		};
		6204726C2072426A00EA05F7 /* PBXContainerItemProxy */ = {
			isa = PBXContainerItemProxy;
			containerPortal = 6204723D2072426900EA05F7 /* Project object */;
			proxyType = 1;
			remoteGlobalIDString = 620472442072426900EA05F7;
			remoteInfo = FUCK;
		};
/* End PBXContainerItemProxy section */

/* Begin PBXFileReference section */
		620472452072426900EA05F7 /* ContactDemoCoreData.app */ = {isa = PBXFileReference; explicitFileType = wrapper.application; includeInIndex = 0; path = ContactDemoCoreData.app; sourceTree = BUILT_PRODUCTS_DIR; };
		620472482072426900EA05F7 /* AppDelegate.h */ = {isa = PBXFileReference; lastKnownFileType = sourcecode.c.h; path = AppDelegate.h; sourceTree = "<group>"; };
		620472492072426900EA05F7 /* AppDelegate.m */ = {isa = PBXFileReference; lastKnownFileType = sourcecode.c.objc; path = AppDelegate.m; sourceTree = "<group>"; };
		6204724B2072426900EA05F7 /* ViewController.h */ = {isa = PBXFileReference; lastKnownFileType = sourcecode.c.h; path = ViewController.h; sourceTree = "<group>"; };
		6204724C2072426900EA05F7 /* ViewController.m */ = {isa = PBXFileReference; lastKnownFileType = sourcecode.c.objc; path = ViewController.m; sourceTree = "<group>"; };
		6204724F2072426900EA05F7 /* Base */ = {isa = PBXFileReference; lastKnownFileType = file.storyboard; name = Base; path = Base.lproj/Main.storyboard; sourceTree = "<group>"; };
		620472522072426900EA05F7 /* FUCK.xcdatamodel */ = {isa = PBXFileReference; lastKnownFileType = wrapper.xcdatamodel; path = FUCK.xcdatamodel; sourceTree = "<group>"; };
		620472542072426A00EA05F7 /* Assets.xcassets */ = {isa = PBXFileReference; lastKnownFileType = folder.assetcatalog; path = Assets.xcassets; sourceTree = "<group>"; };
		620472572072426A00EA05F7 /* Base */ = {isa = PBXFileReference; lastKnownFileType = file.storyboard; name = Base; path = Base.lproj/LaunchScreen.storyboard; sourceTree = "<group>"; };
		620472592072426A00EA05F7 /* Info.plist */ = {isa = PBXFileReference; lastKnownFileType = text.plist.xml; name = Info.plist; path = "/Users/houlx/Desktop/FUCK 2/ContactDemoCoreData/Info.plist"; sourceTree = "<absolute>"; };
		6204725A2072426A00EA05F7 /* main.m */ = {isa = PBXFileReference; lastKnownFileType = sourcecode.c.objc; path = main.m; sourceTree = "<group>"; };
		620472602072426A00EA05F7 /* ContactDemoCoreDataTests.xctest */ = {isa = PBXFileReference; explicitFileType = wrapper.cfbundle; includeInIndex = 0; path = ContactDemoCoreDataTests.xctest; sourceTree = BUILT_PRODUCTS_DIR; };
		620472642072426A00EA05F7 /* ContactDemoCoreDataTests.m */ = {isa = PBXFileReference; lastKnownFileType = sourcecode.c.objc; path = ContactDemoCoreDataTests.m; sourceTree = "<group>"; };
		620472662072426A00EA05F7 /* Info.plist */ = {isa = PBXFileReference; lastKnownFileType = text.plist.xml; path = Info.plist; sourceTree = "<group>"; };
		6204726B2072426A00EA05F7 /* ContactDemoCoreDataUITests.xctest */ = {isa = PBXFileReference; explicitFileType = wrapper.cfbundle; includeInIndex = 0; path = ContactDemoCoreDataUITests.xctest; sourceTree = BUILT_PRODUCTS_DIR; };
		6204726F2072426A00EA05F7 /* ContactDemoCoreDataUITests.m */ = {isa = PBXFileReference; lastKnownFileType = sourcecode.c.objc; path = ContactDemoCoreDataUITests.m; sourceTree = "<group>"; };
		620472712072426A00EA05F7 /* Info.plist */ = {isa = PBXFileReference; lastKnownFileType = text.plist.xml; path = Info.plist; sourceTree = "<group>"; };
		620472832072454000EA05F7 /* PersonManagedObject+CoreDataProperties.h */ = {isa = PBXFileReference; lastKnownFileType = sourcecode.c.h; path = "PersonManagedObject+CoreDataProperties.h"; sourceTree = "<group>"; };
		620472842072454000EA05F7 /* PersonManagedObject+CoreDataClass.h */ = {isa = PBXFileReference; lastKnownFileType = sourcecode.c.h; path = "PersonManagedObject+CoreDataClass.h"; sourceTree = "<group>"; };
		620472852072454000EA05F7 /* PersonManagedObject+CoreDataClass.m */ = {isa = PBXFileReference; lastKnownFileType = sourcecode.c.objc; path = "PersonManagedObject+CoreDataClass.m"; sourceTree = "<group>"; };
		620472862072454000EA05F7 /* PersonManagedObject+CoreDataProperties.m */ = {isa = PBXFileReference; lastKnownFileType = sourcecode.c.objc; path = "PersonManagedObject+CoreDataProperties.m"; sourceTree = "<group>"; };
		620472892072463200EA05F7 /* DetailViewController.m */ = {isa = PBXFileReference; fileEncoding = 4; lastKnownFileType = sourcecode.c.objc; path = DetailViewController.m; sourceTree = "<group>"; };
		6204728A2072463200EA05F7 /* AddContactViewController.m */ = {isa = PBXFileReference; fileEncoding = 4; lastKnownFileType = sourcecode.c.objc; path = AddContactViewController.m; sourceTree = "<group>"; };
		6204728B2072463200EA05F7 /* DetailViewController.h */ = {isa = PBXFileReference; fileEncoding = 4; lastKnownFileType = sourcecode.c.h; path = DetailViewController.h; sourceTree = "<group>"; };
		6204728C2072463200EA05F7 /* AddContactViewController.h */ = {isa = PBXFileReference; fileEncoding = 4; lastKnownFileType = sourcecode.c.h; path = AddContactViewController.h; sourceTree = "<group>"; };
/* End PBXFileReference section */

/* Begin PBXFrameworksBuildPhase section */
		620472422072426900EA05F7 /* Frameworks */ = {
			isa = PBXFrameworksBuildPhase;
			buildActionMask = 2147483647;
			files = (
			);
			runOnlyForDeploymentPostprocessing = 0;
		};
		6204725D2072426A00EA05F7 /* Frameworks */ = {
			isa = PBXFrameworksBuildPhase;
			buildActionMask = 2147483647;
			files = (
			);
			runOnlyForDeploymentPostprocessing = 0;
		};
		620472682072426A00EA05F7 /* Frameworks */ = {
			isa = PBXFrameworksBuildPhase;
			buildActionMask = 2147483647;
			files = (
			);
			runOnlyForDeploymentPostprocessing = 0;
		};
/* End PBXFrameworksBuildPhase section */

/* Begin PBXGroup section */
		6204723C2072426900EA05F7 = {
			isa = PBXGroup;
			children = (
				620472472072426900EA05F7 /* ContactDemoCoreData */,
				620472632072426A00EA05F7 /* ContactDemoCoreDataTests */,
				6204726E2072426A00EA05F7 /* ContactDemoCoreDataUITests */,
				620472462072426900EA05F7 /* Products */,
			);
			sourceTree = "<group>";
		};
		620472462072426900EA05F7 /* Products */ = {
			isa = PBXGroup;
			children = (
				620472452072426900EA05F7 /* ContactDemoCoreData.app */,
				620472602072426A00EA05F7 /* ContactDemoCoreDataTests.xctest */,
				6204726B2072426A00EA05F7 /* ContactDemoCoreDataUITests.xctest */,
			);
			name = Products;
			sourceTree = "<group>";
		};
		620472472072426900EA05F7 /* ContactDemoCoreData */ = {
			isa = PBXGroup;
			children = (
				6204728C2072463200EA05F7 /* AddContactViewController.h */,
				6204728A2072463200EA05F7 /* AddContactViewController.m */,
				6204728B2072463200EA05F7 /* DetailViewController.h */,
				620472892072463200EA05F7 /* DetailViewController.m */,
				620472832072454000EA05F7 /* PersonManagedObject+CoreDataProperties.h */,
				620472842072454000EA05F7 /* PersonManagedObject+CoreDataClass.h */,
				620472852072454000EA05F7 /* PersonManagedObject+CoreDataClass.m */,
				620472862072454000EA05F7 /* PersonManagedObject+CoreDataProperties.m */,
				620472482072426900EA05F7 /* AppDelegate.h */,
				620472492072426900EA05F7 /* AppDelegate.m */,
				6204724B2072426900EA05F7 /* ViewController.h */,
				6204724C2072426900EA05F7 /* ViewController.m */,
				6204724E2072426900EA05F7 /* Main.storyboard */,
				620472542072426A00EA05F7 /* Assets.xcassets */,
				620472562072426A00EA05F7 /* LaunchScreen.storyboard */,
				620472592072426A00EA05F7 /* Info.plist */,
				6204725A2072426A00EA05F7 /* main.m */,
				620472512072426900EA05F7 /* ContactDemoCoreData.xcdatamodeld */,
			);
			path = ContactDemoCoreData;
			sourceTree = "<group>";
		};
		620472632072426A00EA05F7 /* ContactDemoCoreDataTests */ = {
			isa = PBXGroup;
			children = (
				620472642072426A00EA05F7 /* ContactDemoCoreDataTests.m */,
				620472662072426A00EA05F7 /* Info.plist */,
			);
			path = ContactDemoCoreDataTests;
			sourceTree = "<group>";
		};
		6204726E2072426A00EA05F7 /* ContactDemoCoreDataUITests */ = {
			isa = PBXGroup;
			children = (
				6204726F2072426A00EA05F7 /* ContactDemoCoreDataUITests.m */,
				620472712072426A00EA05F7 /* Info.plist */,
			);
			path = ContactDemoCoreDataUITests;
			sourceTree = "<group>";
		};
/* End PBXGroup section */

/* Begin PBXNativeTarget section */
		620472442072426900EA05F7 /* ContactDemoCoreData */ = {
			isa = PBXNativeTarget;
			buildConfigurationList = 620472742072426A00EA05F7 /* Build configuration list for PBXNativeTarget "ContactDemoCoreData" */;
			buildPhases = (
				620472412072426900EA05F7 /* Sources */,
				620472422072426900EA05F7 /* Frameworks */,
				620472432072426900EA05F7 /* Resources */,
			);
			buildRules = (
			);
			dependencies = (
			);
			name = ContactDemoCoreData;
			productName = FUCK;
			productReference = 620472452072426900EA05F7 /* ContactDemoCoreData.app */;
			productType = "com.apple.product-type.application";
		};
		6204725F2072426A00EA05F7 /* ContactDemoCoreDataTests */ = {
			isa = PBXNativeTarget;
			buildConfigurationList = 620472772072426A00EA05F7 /* Build configuration list for PBXNativeTarget "ContactDemoCoreDataTests" */;
			buildPhases = (
				6204725C2072426A00EA05F7 /* Sources */,
				6204725D2072426A00EA05F7 /* Frameworks */,
				6204725E2072426A00EA05F7 /* Resources */,
			);
			buildRules = (
			);
			dependencies = (
				620472622072426A00EA05F7 /* PBXTargetDependency */,
			);
			name = ContactDemoCoreDataTests;
			productName = FUCKTests;
			productReference = 620472602072426A00EA05F7 /* ContactDemoCoreDataTests.xctest */;
			productType = "com.apple.product-type.bundle.unit-test";
		};
		6204726A2072426A00EA05F7 /* ContactDemoCoreDataUITests */ = {
			isa = PBXNativeTarget;
			buildConfigurationList = 6204727A2072426A00EA05F7 /* Build configuration list for PBXNativeTarget "ContactDemoCoreDataUITests" */;
			buildPhases = (
				620472672072426A00EA05F7 /* Sources */,
				620472682072426A00EA05F7 /* Frameworks */,
				620472692072426A00EA05F7 /* Resources */,
			);
			buildRules = (
			);
			dependencies = (
				6204726D2072426A00EA05F7 /* PBXTargetDependency */,
			);
			name = ContactDemoCoreDataUITests;
			productName = FUCKUITests;
			productReference = 6204726B2072426A00EA05F7 /* ContactDemoCoreDataUITests.xctest */;
			productType = "com.apple.product-type.bundle.ui-testing";
		};
/* End PBXNativeTarget section */

/* Begin PBXProject section */
		6204723D2072426900EA05F7 /* Project object */ = {
			isa = PBXProject;
			attributes = {
				LastUpgradeCheck = 0930;
				ORGANIZATIONNAME = houlx.ssdut;
				TargetAttributes = {
					620472442072426900EA05F7 = {
						CreatedOnToolsVersion = 9.3;
					};
					6204725F2072426A00EA05F7 = {
						CreatedOnToolsVersion = 9.3;
						TestTargetID = 620472442072426900EA05F7;
					};
					6204726A2072426A00EA05F7 = {
						CreatedOnToolsVersion = 9.3;
						TestTargetID = 620472442072426900EA05F7;
					};
				};
			};
			buildConfigurationList = 620472402072426900EA05F7 /* Build configuration list for PBXProject "ContactDemoCoreData" */;
			compatibilityVersion = "Xcode 9.3";
			developmentRegion = en;
			hasScannedForEncodings = 0;
			knownRegions = (
				en,
				Base,
			);
			mainGroup = 6204723C2072426900EA05F7;
			productRefGroup = 620472462072426900EA05F7 /* Products */;
			projectDirPath = "";
			projectRoot = "";
			targets = (
				620472442072426900EA05F7 /* ContactDemoCoreData */,
				6204725F2072426A00EA05F7 /* ContactDemoCoreDataTests */,
				6204726A2072426A00EA05F7 /* ContactDemoCoreDataUITests */,
			);
		};
/* End PBXProject section */

/* Begin PBXResourcesBuildPhase section */
		620472432072426900EA05F7 /* Resources */ = {
			isa = PBXResourcesBuildPhase;
			buildActionMask = 2147483647;
			files = (
				620472582072426A00EA05F7 /* LaunchScreen.storyboard in Resources */,
				620472552072426A00EA05F7 /* Assets.xcassets in Resources */,
				620472502072426900EA05F7 /* Main.storyboard in Resources */,
			);
			runOnlyForDeploymentPostprocessing = 0;
		};
		6204725E2072426A00EA05F7 /* Resources */ = {
			isa = PBXResourcesBuildPhase;
			buildActionMask = 2147483647;
			files = (
			);
			runOnlyForDeploymentPostprocessing = 0;
		};
		620472692072426A00EA05F7 /* Resources */ = {
			isa = PBXResourcesBuildPhase;
			buildActionMask = 2147483647;
			files = (
			);
			runOnlyForDeploymentPostprocessing = 0;
		};
/* End PBXResourcesBuildPhase section */

/* Begin PBXSourcesBuildPhase section */
		620472412072426900EA05F7 /* Sources */ = {
			isa = PBXSourcesBuildPhase;
			buildActionMask = 2147483647;
			files = (
				6204724D2072426900EA05F7 /* ViewController.m in Sources */,
				6204728E2072463200EA05F7 /* AddContactViewController.m in Sources */,
				620472532072426900EA05F7 /* ContactDemoCoreData.xcdatamodeld in Sources */,
				6204725B2072426A00EA05F7 /* main.m in Sources */,
				620472882072454000EA05F7 /* PersonManagedObject+CoreDataProperties.m in Sources */,
				620472872072454000EA05F7 /* PersonManagedObject+CoreDataClass.m in Sources */,
				6204724A2072426900EA05F7 /* AppDelegate.m in Sources */,
				6204728D2072463200EA05F7 /* DetailViewController.m in Sources */,
			);
			runOnlyForDeploymentPostprocessing = 0;
		};
		6204725C2072426A00EA05F7 /* Sources */ = {
			isa = PBXSourcesBuildPhase;
			buildActionMask = 2147483647;
			files = (
				620472652072426A00EA05F7 /* ContactDemoCoreDataTests.m in Sources */,
			);
			runOnlyForDeploymentPostprocessing = 0;
		};
		620472672072426A00EA05F7 /* Sources */ = {
			isa = PBXSourcesBuildPhase;
			buildActionMask = 2147483647;
			files = (
				620472702072426A00EA05F7 /* ContactDemoCoreDataUITests.m in Sources */,
			);
			runOnlyForDeploymentPostprocessing = 0;
		};
/* End PBXSourcesBuildPhase section */

/* Begin PBXTargetDependency section */
		620472622072426A00EA05F7 /* PBXTargetDependency */ = {
			isa = PBXTargetDependency;
			target = 620472442072426900EA05F7 /* ContactDemoCoreData */;
			targetProxy = 620472612072426A00EA05F7 /* PBXContainerItemProxy */;
		};
		6204726D2072426A00EA05F7 /* PBXTargetDependency */ = {
			isa = PBXTargetDependency;
			target = 620472442072426900EA05F7 /* ContactDemoCoreData */;
			targetProxy = 6204726C2072426A00EA05F7 /* PBXContainerItemProxy */;
		};
/* End PBXTargetDependency section */

/* Begin PBXVariantGroup section */
		6204724E2072426900EA05F7 /* Main.storyboard */ = {
			isa = PBXVariantGroup;
			children = (
				6204724F2072426900EA05F7 /* Base */,
			);
			name = Main.storyboard;
			sourceTree = "<group>";
		};
		620472562072426A00EA05F7 /* LaunchScreen.storyboard */ = {
			isa = PBXVariantGroup;
			children = (
				620472572072426A00EA05F7 /* Base */,
			);
			name = LaunchScreen.storyboard;
			sourceTree = "<group>";
		};
/* End PBXVariantGroup section */

/* Begin XCBuildConfiguration section */
		620472722072426A00EA05F7 /* Debug */ = {
			isa = XCBuildConfiguration;
			buildSettings = {
				ALWAYS_SEARCH_USER_PATHS = NO;
				CLANG_ANALYZER_NONNULL = YES;
				CLANG_ANALYZER_NUMBER_OBJECT_CONVERSION = YES_AGGRESSIVE;
				CLANG_CXX_LANGUAGE_STANDARD = "gnu++14";
				CLANG_CXX_LIBRARY = "libc++";
				CLANG_ENABLE_MODULES = YES;
				CLANG_ENABLE_OBJC_ARC = YES;
				CLANG_ENABLE_OBJC_WEAK = YES;
				CLANG_WARN_BLOCK_CAPTURE_AUTORELEASING = YES;
				CLANG_WARN_BOOL_CONVERSION = YES;
				CLANG_WARN_COMMA = YES;
				CLANG_WARN_CONSTANT_CONVERSION = YES;
				CLANG_WARN_DEPRECATED_OBJC_IMPLEMENTATIONS = YES;
				CLANG_WARN_DIRECT_OBJC_ISA_USAGE = YES_ERROR;
				CLANG_WARN_DOCUMENTATION_COMMENTS = YES;
				CLANG_WARN_EMPTY_BODY = YES;
				CLANG_WARN_ENUM_CONVERSION = YES;
				CLANG_WARN_INFINITE_RECURSION = YES;
				CLANG_WARN_INT_CONVERSION = YES;
				CLANG_WARN_NON_LITERAL_NULL_CONVERSION = YES;
				CLANG_WARN_OBJC_IMPLICIT_RETAIN_SELF = YES;
				CLANG_WARN_OBJC_LITERAL_CONVERSION = YES;
				CLANG_WARN_OBJC_ROOT_CLASS = YES_ERROR;
				CLANG_WARN_RANGE_LOOP_ANALYSIS = YES;
				CLANG_WARN_STRICT_PROTOTYPES = YES;
				CLANG_WARN_SUSPICIOUS_MOVE = YES;
				CLANG_WARN_UNGUARDED_AVAILABILITY = YES_AGGRESSIVE;
				CLANG_WARN_UNREACHABLE_CODE = YES;
				CLANG_WARN__DUPLICATE_METHOD_MATCH = YES;
				CODE_SIGN_IDENTITY = "iPhone Developer";
				COPY_PHASE_STRIP = NO;
				DEBUG_INFORMATION_FORMAT = dwarf;
				ENABLE_STRICT_OBJC_MSGSEND = YES;
				ENABLE_TESTABILITY = YES;
				GCC_C_LANGUAGE_STANDARD = gnu11;
				GCC_DYNAMIC_NO_PIC = NO;
				GCC_NO_COMMON_BLOCKS = YES;
				GCC_OPTIMIZATION_LEVEL = 0;
				GCC_PREPROCESSOR_DEFINITIONS = (
					"DEBUG=1",
					"$(inherited)",
				);
				GCC_WARN_64_TO_32_BIT_CONVERSION = YES;
				GCC_WARN_ABOUT_RETURN_TYPE = YES_ERROR;
				GCC_WARN_UNDECLARED_SELECTOR = YES;
				GCC_WARN_UNINITIALIZED_AUTOS = YES_AGGRESSIVE;
				GCC_WARN_UNUSED_FUNCTION = YES;
				GCC_WARN_UNUSED_VARIABLE = YES;
				IPHONEOS_DEPLOYMENT_TARGET = 11.3;
				MTL_ENABLE_DEBUG_INFO = YES;
				ONLY_ACTIVE_ARCH = YES;
				SDKROOT = iphoneos;
			};
			name = Debug;
		};
		620472732072426A00EA05F7 /* Release */ = {
			isa = XCBuildConfiguration;
			buildSettings = {
				ALWAYS_SEARCH_USER_PATHS = NO;
				CLANG_ANALYZER_NONNULL = YES;
				CLANG_ANALYZER_NUMBER_OBJECT_CONVERSION = YES_AGGRESSIVE;
				CLANG_CXX_LANGUAGE_STANDARD = "gnu++14";
				CLANG_CXX_LIBRARY = "libc++";
				CLANG_ENABLE_MODULES = YES;
				CLANG_ENABLE_OBJC_ARC = YES;
				CLANG_ENABLE_OBJC_WEAK = YES;
				CLANG_WARN_BLOCK_CAPTURE_AUTORELEASING = YES;
				CLANG_WARN_BOOL_CONVERSION = YES;
				CLANG_WARN_COMMA = YES;
				CLANG_WARN_CONSTANT_CONVERSION = YES;
				CLANG_WARN_DEPRECATED_OBJC_IMPLEMENTATIONS = YES;
				CLANG_WARN_DIRECT_OBJC_ISA_USAGE = YES_ERROR;
				CLANG_WARN_DOCUMENTATION_COMMENTS = YES;
				CLANG_WARN_EMPTY_BODY = YES;
				CLANG_WARN_ENUM_CONVERSION = YES;
				CLANG_WARN_INFINITE_RECURSION = YES;
				CLANG_WARN_INT_CONVERSION = YES;
				CLANG_WARN_NON_LITERAL_NULL_CONVERSION = YES;
				CLANG_WARN_OBJC_IMPLICIT_RETAIN_SELF = YES;
				CLANG_WARN_OBJC_LITERAL_CONVERSION = YES;
				CLANG_WARN_OBJC_ROOT_CLASS = YES_ERROR;
				CLANG_WARN_RANGE_LOOP_ANALYSIS = YES;
				CLANG_WARN_STRICT_PROTOTYPES = YES;
				CLANG_WARN_SUSPICIOUS_MOVE = YES;
				CLANG_WARN_UNGUARDED_AVAILABILITY = YES_AGGRESSIVE;
				CLANG_WARN_UNREACHABLE_CODE = YES;
				CLANG_WARN__DUPLICATE_METHOD_MATCH = YES;
				CODE_SIGN_IDENTITY = "iPhone Developer";
				COPY_PHASE_STRIP = NO;
				DEBUG_INFORMATION_FORMAT = "dwarf-with-dsym";
				ENABLE_NS_ASSERTIONS = NO;
				ENABLE_STRICT_OBJC_MSGSEND = YES;
				GCC_C_LANGUAGE_STANDARD = gnu11;
				GCC_NO_COMMON_BLOCKS = YES;
				GCC_WARN_64_TO_32_BIT_CONVERSION = YES;
				GCC_WARN_ABOUT_RETURN_TYPE = YES_ERROR;
				GCC_WARN_UNDECLARED_SELECTOR = YES;
				GCC_WARN_UNINITIALIZED_AUTOS = YES_AGGRESSIVE;
				GCC_WARN_UNUSED_FUNCTION = YES;
				GCC_WARN_UNUSED_VARIABLE = YES;
				IPHONEOS_DEPLOYMENT_TARGET = 11.3;
				MTL_ENABLE_DEBUG_INFO = NO;
				SDKROOT = iphoneos;
				VALIDATE_PRODUCT = YES;
			};
			name = Release;
		};
		620472752072426A00EA05F7 /* Debug */ = {
			isa = XCBuildConfiguration;
			buildSettings = {
				ASSETCATALOG_COMPILER_APPICON_NAME = AppIcon;
				CODE_SIGN_STYLE = Automatic;
				DEVELOPMENT_TEAM = UD4PDXT9JQ;
				INFOPLIST_FILE = ContactDemoCoreData/Info.plist;
				LD_RUNPATH_SEARCH_PATHS = (
					"$(inherited)",
					"@executable_path/Frameworks",
				);
				PRODUCT_BUNDLE_IDENTIFIER = "hou.-315";
				PRODUCT_NAME = "$(TARGET_NAME)";
				TARGETED_DEVICE_FAMILY = "1,2";
			};
			name = Debug;
		};
		620472762072426A00EA05F7 /* Release */ = {
			isa = XCBuildConfiguration;
			buildSettings = {
				ASSETCATALOG_COMPILER_APPICON_NAME = AppIcon;
				CODE_SIGN_STYLE = Automatic;
				DEVELOPMENT_TEAM = UD4PDXT9JQ;
				INFOPLIST_FILE = ContactDemoCoreData/Info.plist;
				LD_RUNPATH_SEARCH_PATHS = (
					"$(inherited)",
					"@executable_path/Frameworks",
				);
				PRODUCT_BUNDLE_IDENTIFIER = "hou.-315";
				PRODUCT_NAME = "$(TARGET_NAME)";
				TARGETED_DEVICE_FAMILY = "1,2";
			};
			name = Release;
		};
		620472782072426A00EA05F7 /* Debug */ = {
			isa = XCBuildConfiguration;
			buildSettings = {
				BUNDLE_LOADER = "$(TEST_HOST)";
				CODE_SIGN_STYLE = Automatic;
				DEVELOPMENT_TEAM = UD4PDXT9JQ;
				INFOPLIST_FILE = FUCKTests/Info.plist;
				LD_RUNPATH_SEARCH_PATHS = (
					"$(inherited)",
					"@executable_path/Frameworks",
					"@loader_path/Frameworks",
				);
				PRODUCT_BUNDLE_IDENTIFIER = hou.FUCKTests;
				PRODUCT_NAME = "$(TARGET_NAME)";
				TARGETED_DEVICE_FAMILY = "1,2";
				TEST_HOST = "$(BUILT_PRODUCTS_DIR)/ContactDemoCoreData.app/ContactDemoCoreData";
			};
			name = Debug;
		};
		620472792072426A00EA05F7 /* Release */ = {
			isa = XCBuildConfiguration;
			buildSettings = {
				BUNDLE_LOADER = "$(TEST_HOST)";
				CODE_SIGN_STYLE = Automatic;
				DEVELOPMENT_TEAM = UD4PDXT9JQ;
				INFOPLIST_FILE = FUCKTests/Info.plist;
				LD_RUNPATH_SEARCH_PATHS = (
					"$(inherited)",
					"@executable_path/Frameworks",
					"@loader_path/Frameworks",
				);
				PRODUCT_BUNDLE_IDENTIFIER = hou.FUCKTests;
				PRODUCT_NAME = "$(TARGET_NAME)";
				TARGETED_DEVICE_FAMILY = "1,2";
				TEST_HOST = "$(BUILT_PRODUCTS_DIR)/ContactDemoCoreData.app/ContactDemoCoreData";
			};
			name = Release;
		};
		6204727B2072426A00EA05F7 /* Debug */ = {
			isa = XCBuildConfiguration;
			buildSettings = {
				CODE_SIGN_STYLE = Automatic;
				DEVELOPMENT_TEAM = UD4PDXT9JQ;
				INFOPLIST_FILE = FUCKUITests/Info.plist;
				LD_RUNPATH_SEARCH_PATHS = (
					"$(inherited)",
					"@executable_path/Frameworks",
					"@loader_path/Frameworks",
				);
				PRODUCT_BUNDLE_IDENTIFIER = hou.FUCKUITests;
				PRODUCT_NAME = "$(TARGET_NAME)";
				TARGETED_DEVICE_FAMILY = "1,2";
				TEST_TARGET_NAME = FUCK;
			};
			name = Debug;
		};
		6204727C2072426A00EA05F7 /* Release */ = {
			isa = XCBuildConfiguration;
			buildSettings = {
				CODE_SIGN_STYLE = Automatic;
				DEVELOPMENT_TEAM = UD4PDXT9JQ;
				INFOPLIST_FILE = FUCKUITests/Info.plist;
				LD_RUNPATH_SEARCH_PATHS = (
					"$(inherited)",
					"@executable_path/Frameworks",
					"@loader_path/Frameworks",
				);
				PRODUCT_BUNDLE_IDENTIFIER = hou.FUCKUITests;
				PRODUCT_NAME = "$(TARGET_NAME)";
				TARGETED_DEVICE_FAMILY = "1,2";
				TEST_TARGET_NAME = FUCK;
			};
			name = Release;
		};
/* End XCBuildConfiguration section */

/* Begin XCConfigurationList section */
		620472402072426900EA05F7 /* Build configuration list for PBXProject "ContactDemoCoreData" */ = {
			isa = XCConfigurationList;
			buildConfigurations = (
				620472722072426A00EA05F7 /* Debug */,
				620472732072426A00EA05F7 /* Release */,
			);
			defaultConfigurationIsVisible = 0;
			defaultConfigurationName = Release;
		};
		620472742072426A00EA05F7 /* Build configuration list for PBXNativeTarget "ContactDemoCoreData" */ = {
			isa = XCConfigurationList;
			buildConfigurations = (
				620472752072426A00EA05F7 /* Debug */,
				620472762072426A00EA05F7 /* Release */,
			);
			defaultConfigurationIsVisible = 0;
			defaultConfigurationName = Release;
		};
		620472772072426A00EA05F7 /* Build configuration list for PBXNativeTarget "ContactDemoCoreDataTests" */ = {
			isa = XCConfigurationList;
			buildConfigurations = (
				620472782072426A00EA05F7 /* Debug */,
				620472792072426A00EA05F7 /* Release */,
			);
			defaultConfigurationIsVisible = 0;
			defaultConfigurationName = Release;
		};
		6204727A2072426A00EA05F7 /* Build configuration list for PBXNativeTarget "ContactDemoCoreDataUITests" */ = {
			isa = XCConfigurationList;
			buildConfigurations = (
				6204727B2072426A00EA05F7 /* Debug */,
				6204727C2072426A00EA05F7 /* Release */,
			);
			defaultConfigurationIsVisible = 0;
			defaultConfigurationName = Release;
		};
/* End XCConfigurationList section */

/* Begin XCVersionGroup section */
		620472512072426900EA05F7 /* ContactDemoCoreData.xcdatamodeld */ = {
			isa = XCVersionGroup;
			children = (
				620472522072426900EA05F7 /* FUCK.xcdatamodel */,
			);
			currentVersion = 620472522072426900EA05F7 /* FUCK.xcdatamodel */;
			path = ContactDemoCoreData.xcdatamodeld;
			sourceTree = "<group>";
			versionGroupType = wrapper.xcdatamodel;
		};
/* End XCVersionGroup section */
	};
	rootObject = 6204723D2072426900EA05F7 /* Project object */;
}
