// !$*UTF8*$!
{
	archiveVersion = 1;
	classes = {
	};
	objectVersion = 50;
	objects = {

/* Begin PBXBuildFile section */
		5EDC61BB749B6BE3B563CFA7 /* DetailViewController.m in Sources */ = {isa = PBXBuildFile; fileRef = 5EDC62DDCE716170E9390481 /* DetailViewController.m */; };
		6250F1E1206F852B00CA4662 /* AppDelegate.m in Sources */ = {isa = PBXBuildFile; fileRef = 6250F1E0206F852B00CA4662 /* AppDelegate.m */; };
		6250F1E4206F852B00CA4662 /* ViewController.m in Sources */ = {isa = PBXBuildFile; fileRef = 6250F1E3206F852B00CA4662 /* ViewController.m */; };
		6250F1E7206F852B00CA4662 /* Main.storyboard in Resources */ = {isa = PBXBuildFile; fileRef = 6250F1E5206F852B00CA4662 /* Main.storyboard */; };
		6250F1EA206F852B00CA4662 /* ContactDemoCoreData.xcdatamodeld in Sources */ = {isa = PBXBuildFile; fileRef = 6250F1E8206F852B00CA4662 /* ContactDemoCoreData.xcdatamodeld */; };
		6250F1EC206F852D00CA4662 /* Assets.xcassets in Resources */ = {isa = PBXBuildFile; fileRef = 6250F1EB206F852D00CA4662 /* Assets.xcassets */; };
		6250F1EF206F852D00CA4662 /* LaunchScreen.storyboard in Resources */ = {isa = PBXBuildFile; fileRef = 6250F1ED206F852D00CA4662 /* LaunchScreen.storyboard */; };
		6250F1F2206F852D00CA4662 /* main.m in Sources */ = {isa = PBXBuildFile; fileRef = 6250F1F1206F852D00CA4662 /* main.m */; };
		6250F1FC206F852D00CA4662 /* ContactDemoCoreDataTests.m in Sources */ = {isa = PBXBuildFile; fileRef = 6250F1FB206F852D00CA4662 /* ContactDemoCoreDataTests.m */; };
		6250F207206F852D00CA4662 /* ContactDemoCoreDataUITests.m in Sources */ = {isa = PBXBuildFile; fileRef = 6250F206206F852D00CA4662 /* ContactDemoCoreDataUITests.m */; };
		6250F224206F9D0200CA4662 /* PersonManagedObject+CoreDataClass.m in Sources */ = {isa = PBXBuildFile; fileRef = 6250F222206F9D0200CA4662 /* PersonManagedObject+CoreDataClass.m */; };
		6250F225206F9D0200CA4662 /* PersonManagedObject+CoreDataProperties.m in Sources */ = {isa = PBXBuildFile; fileRef = 6250F223206F9D0200CA4662 /* PersonManagedObject+CoreDataProperties.m */; };
/* End PBXBuildFile section */

/* Begin PBXContainerItemProxy section */
		6250F1F8206F852D00CA4662 /* PBXContainerItemProxy */ = {
			isa = PBXContainerItemProxy;
			containerPortal = 6250F1D4206F852B00CA4662 /* Project object */;
			proxyType = 1;
			remoteGlobalIDString = 6250F1DB206F852B00CA4662;
			remoteInfo = ContactDemoCoreData;
		};
		6250F203206F852D00CA4662 /* PBXContainerItemProxy */ = {
			isa = PBXContainerItemProxy;
			containerPortal = 6250F1D4206F852B00CA4662 /* Project object */;
			proxyType = 1;
			remoteGlobalIDString = 6250F1DB206F852B00CA4662;
			remoteInfo = ContactDemoCoreData;
		};
/* End PBXContainerItemProxy section */

/* Begin PBXFileReference section */
		5EDC62DDCE716170E9390481 /* DetailViewController.m */ = {isa = PBXFileReference; fileEncoding = 4; lastKnownFileType = sourcecode.c.objc; path = DetailViewController.m; sourceTree = "<group>"; };
		5EDC6C151C79C4296F1FDB0A /* DetailViewController.h */ = {isa = PBXFileReference; fileEncoding = 4; lastKnownFileType = sourcecode.c.h; path = DetailViewController.h; sourceTree = "<group>"; };
		6250F1DC206F852B00CA4662 /* ContactDemoCoreData.app */ = {isa = PBXFileReference; explicitFileType = wrapper.application; includeInIndex = 0; path = ContactDemoCoreData.app; sourceTree = BUILT_PRODUCTS_DIR; };
		6250F1DF206F852B00CA4662 /* AppDelegate.h */ = {isa = PBXFileReference; lastKnownFileType = sourcecode.c.h; path = AppDelegate.h; sourceTree = "<group>"; };
		6250F1E0206F852B00CA4662 /* AppDelegate.m */ = {isa = PBXFileReference; lastKnownFileType = sourcecode.c.objc; path = AppDelegate.m; sourceTree = "<group>"; };
		6250F1E2206F852B00CA4662 /* ViewController.h */ = {isa = PBXFileReference; lastKnownFileType = sourcecode.c.h; path = ViewController.h; sourceTree = "<group>"; };
		6250F1E3206F852B00CA4662 /* ViewController.m */ = {isa = PBXFileReference; lastKnownFileType = sourcecode.c.objc; path = ViewController.m; sourceTree = "<group>"; };
		6250F1E6206F852B00CA4662 /* Base */ = {isa = PBXFileReference; lastKnownFileType = file.storyboard; name = Base; path = Base.lproj/Main.storyboard; sourceTree = "<group>"; };
		6250F1E9206F852B00CA4662 /* ContactDemoCoreData.xcdatamodel */ = {isa = PBXFileReference; lastKnownFileType = wrapper.xcdatamodel; path = ContactDemoCoreData.xcdatamodel; sourceTree = "<group>"; };
		6250F1EB206F852D00CA4662 /* Assets.xcassets */ = {isa = PBXFileReference; lastKnownFileType = folder.assetcatalog; path = Assets.xcassets; sourceTree = "<group>"; };
		6250F1EE206F852D00CA4662 /* Base */ = {isa = PBXFileReference; lastKnownFileType = file.storyboard; name = Base; path = Base.lproj/LaunchScreen.storyboard; sourceTree = "<group>"; };
		6250F1F0206F852D00CA4662 /* Info.plist */ = {isa = PBXFileReference; lastKnownFileType = text.plist.xml; path = Info.plist; sourceTree = "<group>"; };
		6250F1F1206F852D00CA4662 /* main.m */ = {isa = PBXFileReference; lastKnownFileType = sourcecode.c.objc; path = main.m; sourceTree = "<group>"; };
		6250F1F7206F852D00CA4662 /* ContactDemoCoreDataTests.xctest */ = {isa = PBXFileReference; explicitFileType = wrapper.cfbundle; includeInIndex = 0; path = ContactDemoCoreDataTests.xctest; sourceTree = BUILT_PRODUCTS_DIR; };
		6250F1FB206F852D00CA4662 /* ContactDemoCoreDataTests.m */ = {isa = PBXFileReference; lastKnownFileType = sourcecode.c.objc; path = ContactDemoCoreDataTests.m; sourceTree = "<group>"; };
		6250F1FD206F852D00CA4662 /* Info.plist */ = {isa = PBXFileReference; lastKnownFileType = text.plist.xml; path = Info.plist; sourceTree = "<group>"; };
		6250F202206F852D00CA4662 /* ContactDemoCoreDataUITests.xctest */ = {isa = PBXFileReference; explicitFileType = wrapper.cfbundle; includeInIndex = 0; path = ContactDemoCoreDataUITests.xctest; sourceTree = BUILT_PRODUCTS_DIR; };
		6250F206206F852D00CA4662 /* ContactDemoCoreDataUITests.m */ = {isa = PBXFileReference; lastKnownFileType = sourcecode.c.objc; path = ContactDemoCoreDataUITests.m; sourceTree = "<group>"; };
		6250F208206F852D00CA4662 /* Info.plist */ = {isa = PBXFileReference; lastKnownFileType = text.plist.xml; path = Info.plist; sourceTree = "<group>"; };
		6250F220206F9D0200CA4662 /* PersonManagedObject+CoreDataProperties.h */ = {isa = PBXFileReference; lastKnownFileType = sourcecode.c.h; path = "PersonManagedObject+CoreDataProperties.h"; sourceTree = "<group>"; };
		6250F221206F9D0200CA4662 /* PersonManagedObject+CoreDataClass.h */ = {isa = PBXFileReference; lastKnownFileType = sourcecode.c.h; path = "PersonManagedObject+CoreDataClass.h"; sourceTree = "<group>"; };
		6250F222206F9D0200CA4662 /* PersonManagedObject+CoreDataClass.m */ = {isa = PBXFileReference; lastKnownFileType = sourcecode.c.objc; path = "PersonManagedObject+CoreDataClass.m"; sourceTree = "<group>"; };
		6250F223206F9D0200CA4662 /* PersonManagedObject+CoreDataProperties.m */ = {isa = PBXFileReference; lastKnownFileType = sourcecode.c.objc; path = "PersonManagedObject+CoreDataProperties.m"; sourceTree = "<group>"; };
/* End PBXFileReference section */

/* Begin PBXFrameworksBuildPhase section */
		6250F1D9206F852B00CA4662 /* Frameworks */ = {
			isa = PBXFrameworksBuildPhase;
			buildActionMask = 2147483647;
			files = (
			);
			runOnlyForDeploymentPostprocessing = 0;
		};
		6250F1F4206F852D00CA4662 /* Frameworks */ = {
			isa = PBXFrameworksBuildPhase;
			buildActionMask = 2147483647;
			files = (
			);
			runOnlyForDeploymentPostprocessing = 0;
		};
		6250F1FF206F852D00CA4662 /* Frameworks */ = {
			isa = PBXFrameworksBuildPhase;
			buildActionMask = 2147483647;
			files = (
			);
			runOnlyForDeploymentPostprocessing = 0;
		};
/* End PBXFrameworksBuildPhase section */

/* Begin PBXGroup section */
		6250F1D3206F852B00CA4662 = {
			isa = PBXGroup;
			children = (
				6250F1DE206F852B00CA4662 /* ContactDemoCoreData */,
				6250F1FA206F852D00CA4662 /* ContactDemoCoreDataTests */,
				6250F205206F852D00CA4662 /* ContactDemoCoreDataUITests */,
				6250F1DD206F852B00CA4662 /* Products */,
			);
			sourceTree = "<group>";
		};
		6250F1DD206F852B00CA4662 /* Products */ = {
			isa = PBXGroup;
			children = (
				6250F1DC206F852B00CA4662 /* ContactDemoCoreData.app */,
				6250F1F7206F852D00CA4662 /* ContactDemoCoreDataTests.xctest */,
				6250F202206F852D00CA4662 /* ContactDemoCoreDataUITests.xctest */,
			);
			name = Products;
			sourceTree = "<group>";
		};
		6250F1DE206F852B00CA4662 /* ContactDemoCoreData */ = {
			isa = PBXGroup;
			children = (
				6250F220206F9D0200CA4662 /* PersonManagedObject+CoreDataProperties.h */,
				6250F221206F9D0200CA4662 /* PersonManagedObject+CoreDataClass.h */,
				6250F222206F9D0200CA4662 /* PersonManagedObject+CoreDataClass.m */,
				6250F223206F9D0200CA4662 /* PersonManagedObject+CoreDataProperties.m */,
				6250F1DF206F852B00CA4662 /* AppDelegate.h */,
				6250F1E0206F852B00CA4662 /* AppDelegate.m */,
				6250F1E2206F852B00CA4662 /* ViewController.h */,
				6250F1E3206F852B00CA4662 /* ViewController.m */,
				6250F1E5206F852B00CA4662 /* Main.storyboard */,
				6250F1EB206F852D00CA4662 /* Assets.xcassets */,
				6250F1ED206F852D00CA4662 /* LaunchScreen.storyboard */,
				6250F1F0206F852D00CA4662 /* Info.plist */,
				6250F1F1206F852D00CA4662 /* main.m */,
				6250F1E8206F852B00CA4662 /* ContactDemoCoreData.xcdatamodeld */,
				5EDC6C151C79C4296F1FDB0A /* DetailViewController.h */,
				5EDC62DDCE716170E9390481 /* DetailViewController.m */,
			);
			path = ContactDemoCoreData;
			sourceTree = "<group>";
		};
		6250F1FA206F852D00CA4662 /* ContactDemoCoreDataTests */ = {
			isa = PBXGroup;
			children = (
				6250F1FB206F852D00CA4662 /* ContactDemoCoreDataTests.m */,
				6250F1FD206F852D00CA4662 /* Info.plist */,
			);
			path = ContactDemoCoreDataTests;
			sourceTree = "<group>";
		};
		6250F205206F852D00CA4662 /* ContactDemoCoreDataUITests */ = {
			isa = PBXGroup;
			children = (
				6250F206206F852D00CA4662 /* ContactDemoCoreDataUITests.m */,
				6250F208206F852D00CA4662 /* Info.plist */,
			);
			path = ContactDemoCoreDataUITests;
			sourceTree = "<group>";
		};
/* End PBXGroup section */

/* Begin PBXNativeTarget section */
		6250F1DB206F852B00CA4662 /* ContactDemoCoreData */ = {
			isa = PBXNativeTarget;
			buildConfigurationList = 6250F20B206F852D00CA4662 /* Build configuration list for PBXNativeTarget "ContactDemoCoreData" */;
			buildPhases = (
				6250F1D8206F852B00CA4662 /* Sources */,
				6250F1D9206F852B00CA4662 /* Frameworks */,
				6250F1DA206F852B00CA4662 /* Resources */,
			);
			buildRules = (
			);
			dependencies = (
			);
			name = ContactDemoCoreData;
			productName = ContactDemoCoreData;
			productReference = 6250F1DC206F852B00CA4662 /* ContactDemoCoreData.app */;
			productType = "com.apple.product-type.application";
		};
		6250F1F6206F852D00CA4662 /* ContactDemoCoreDataTests */ = {
			isa = PBXNativeTarget;
			buildConfigurationList = 6250F20E206F852D00CA4662 /* Build configuration list for PBXNativeTarget "ContactDemoCoreDataTests" */;
			buildPhases = (
				6250F1F3206F852D00CA4662 /* Sources */,
				6250F1F4206F852D00CA4662 /* Frameworks */,
				6250F1F5206F852D00CA4662 /* Resources */,
			);
			buildRules = (
			);
			dependencies = (
				6250F1F9206F852D00CA4662 /* PBXTargetDependency */,
			);
			name = ContactDemoCoreDataTests;
			productName = ContactDemoCoreDataTests;
			productReference = 6250F1F7206F852D00CA4662 /* ContactDemoCoreDataTests.xctest */;
			productType = "com.apple.product-type.bundle.unit-test";
		};
		6250F201206F852D00CA4662 /* ContactDemoCoreDataUITests */ = {
			isa = PBXNativeTarget;
			buildConfigurationList = 6250F211206F852D00CA4662 /* Build configuration list for PBXNativeTarget "ContactDemoCoreDataUITests" */;
			buildPhases = (
				6250F1FE206F852D00CA4662 /* Sources */,
				6250F1FF206F852D00CA4662 /* Frameworks */,
				6250F200206F852D00CA4662 /* Resources */,
			);
			buildRules = (
			);
			dependencies = (
				6250F204206F852D00CA4662 /* PBXTargetDependency */,
			);
			name = ContactDemoCoreDataUITests;
			productName = ContactDemoCoreDataUITests;
			productReference = 6250F202206F852D00CA4662 /* ContactDemoCoreDataUITests.xctest */;
			productType = "com.apple.product-type.bundle.ui-testing";
		};
/* End PBXNativeTarget section */

/* Begin PBXProject section */
		6250F1D4206F852B00CA4662 /* Project object */ = {
			isa = PBXProject;
			attributes = {
				LastUpgradeCheck = 0930;
				ORGANIZATIONNAME = houlx.ssdut;
				TargetAttributes = {
					6250F1DB206F852B00CA4662 = {
						CreatedOnToolsVersion = 9.3;
					};
					6250F1F6206F852D00CA4662 = {
						CreatedOnToolsVersion = 9.3;
						TestTargetID = 6250F1DB206F852B00CA4662;
					};
					6250F201206F852D00CA4662 = {
						CreatedOnToolsVersion = 9.3;
						TestTargetID = 6250F1DB206F852B00CA4662;
					};
				};
			};
			buildConfigurationList = 6250F1D7206F852B00CA4662 /* Build configuration list for PBXProject "ContactDemoCoreData" */;
			compatibilityVersion = "Xcode 9.3";
			developmentRegion = en;
			hasScannedForEncodings = 0;
			knownRegions = (
				en,
				Base,
			);
			mainGroup = 6250F1D3206F852B00CA4662;
			productRefGroup = 6250F1DD206F852B00CA4662 /* Products */;
			projectDirPath = "";
			projectRoot = "";
			targets = (
				6250F1DB206F852B00CA4662 /* ContactDemoCoreData */,
				6250F1F6206F852D00CA4662 /* ContactDemoCoreDataTests */,
				6250F201206F852D00CA4662 /* ContactDemoCoreDataUITests */,
			);
		};
/* End PBXProject section */

/* Begin PBXResourcesBuildPhase section */
		6250F1DA206F852B00CA4662 /* Resources */ = {
			isa = PBXResourcesBuildPhase;
			buildActionMask = 2147483647;
			files = (
				6250F1EF206F852D00CA4662 /* LaunchScreen.storyboard in Resources */,
				6250F1EC206F852D00CA4662 /* Assets.xcassets in Resources */,
				6250F1E7206F852B00CA4662 /* Main.storyboard in Resources */,
			);
			runOnlyForDeploymentPostprocessing = 0;
		};
		6250F1F5206F852D00CA4662 /* Resources */ = {
			isa = PBXResourcesBuildPhase;
			buildActionMask = 2147483647;
			files = (
			);
			runOnlyForDeploymentPostprocessing = 0;
		};
		6250F200206F852D00CA4662 /* Resources */ = {
			isa = PBXResourcesBuildPhase;
			buildActionMask = 2147483647;
			files = (
			);
			runOnlyForDeploymentPostprocessing = 0;
		};
/* End PBXResourcesBuildPhase section */

/* Begin PBXSourcesBuildPhase section */
		6250F1D8206F852B00CA4662 /* Sources */ = {
			isa = PBXSourcesBuildPhase;
			buildActionMask = 2147483647;
			files = (
				6250F1EA206F852B00CA4662 /* ContactDemoCoreData.xcdatamodeld in Sources */,
				6250F1E4206F852B00CA4662 /* ViewController.m in Sources */,
				6250F1F2206F852D00CA4662 /* main.m in Sources */,
				6250F225206F9D0200CA4662 /* PersonManagedObject+CoreDataProperties.m in Sources */,
				6250F224206F9D0200CA4662 /* PersonManagedObject+CoreDataClass.m in Sources */,
				6250F1E1206F852B00CA4662 /* AppDelegate.m in Sources */,
				5EDC61BB749B6BE3B563CFA7 /* DetailViewController.m in Sources */,
			);
			runOnlyForDeploymentPostprocessing = 0;
		};
		6250F1F3206F852D00CA4662 /* Sources */ = {
			isa = PBXSourcesBuildPhase;
			buildActionMask = 2147483647;
			files = (
				6250F1FC206F852D00CA4662 /* ContactDemoCoreDataTests.m in Sources */,
			);
			runOnlyForDeploymentPostprocessing = 0;
		};
		6250F1FE206F852D00CA4662 /* Sources */ = {
			isa = PBXSourcesBuildPhase;
			buildActionMask = 2147483647;
			files = (
				6250F207206F852D00CA4662 /* ContactDemoCoreDataUITests.m in Sources */,
			);
			runOnlyForDeploymentPostprocessing = 0;
		};
/* End PBXSourcesBuildPhase section */

/* Begin PBXTargetDependency section */
		6250F1F9206F852D00CA4662 /* PBXTargetDependency */ = {
			isa = PBXTargetDependency;
			target = 6250F1DB206F852B00CA4662 /* ContactDemoCoreData */;
			targetProxy = 6250F1F8206F852D00CA4662 /* PBXContainerItemProxy */;
		};
		6250F204206F852D00CA4662 /* PBXTargetDependency */ = {
			isa = PBXTargetDependency;
			target = 6250F1DB206F852B00CA4662 /* ContactDemoCoreData */;
			targetProxy = 6250F203206F852D00CA4662 /* PBXContainerItemProxy */;
		};
/* End PBXTargetDependency section */

/* Begin PBXVariantGroup section */
		6250F1E5206F852B00CA4662 /* Main.storyboard */ = {
			isa = PBXVariantGroup;
			children = (
				6250F1E6206F852B00CA4662 /* Base */,
			);
			name = Main.storyboard;
			sourceTree = "<group>";
		};
		6250F1ED206F852D00CA4662 /* LaunchScreen.storyboard */ = {
			isa = PBXVariantGroup;
			children = (
				6250F1EE206F852D00CA4662 /* Base */,
			);
			name = LaunchScreen.storyboard;
			sourceTree = "<group>";
		};
/* End PBXVariantGroup section */

/* Begin XCBuildConfiguration section */
		6250F209206F852D00CA4662 /* Debug */ = {
			isa = XCBuildConfiguration;
			buildSettings = {
				ALWAYS_SEARCH_USER_PATHS = NO;
				CLANG_ANALYZER_NONNULL = YES;
				CLANG_ANALYZER_NUMBER_OBJECT_CONVERSION = YES_AGGRESSIVE;
				CLANG_CXX_LANGUAGE_STANDARD = "gnu++14";
				CLANG_CXX_LIBRARY = "libc++";
				CLANG_ENABLE_MODULES = YES;
				CLANG_ENABLE_OBJC_ARC = YES;
				CLANG_ENABLE_OBJC_WEAK = YES;
				CLANG_WARN_BLOCK_CAPTURE_AUTORELEASING = YES;
				CLANG_WARN_BOOL_CONVERSION = YES;
				CLANG_WARN_COMMA = YES;
				CLANG_WARN_CONSTANT_CONVERSION = YES;
				CLANG_WARN_DEPRECATED_OBJC_IMPLEMENTATIONS = YES;
				CLANG_WARN_DIRECT_OBJC_ISA_USAGE = YES_ERROR;
				CLANG_WARN_DOCUMENTATION_COMMENTS = YES;
				CLANG_WARN_EMPTY_BODY = YES;
				CLANG_WARN_ENUM_CONVERSION = YES;
				CLANG_WARN_INFINITE_RECURSION = YES;
				CLANG_WARN_INT_CONVERSION = YES;
				CLANG_WARN_NON_LITERAL_NULL_CONVERSION = YES;
				CLANG_WARN_OBJC_IMPLICIT_RETAIN_SELF = YES;
				CLANG_WARN_OBJC_LITERAL_CONVERSION = YES;
				CLANG_WARN_OBJC_ROOT_CLASS = YES_ERROR;
				CLANG_WARN_RANGE_LOOP_ANALYSIS = YES;
				CLANG_WARN_STRICT_PROTOTYPES = YES;
				CLANG_WARN_SUSPICIOUS_MOVE = YES;
				CLANG_WARN_UNGUARDED_AVAILABILITY = YES_AGGRESSIVE;
				CLANG_WARN_UNREACHABLE_CODE = YES;
				CLANG_WARN__DUPLICATE_METHOD_MATCH = YES;
				CODE_SIGN_IDENTITY = "iPhone Developer";
				COPY_PHASE_STRIP = NO;
				DEBUG_INFORMATION_FORMAT = dwarf;
				ENABLE_STRICT_OBJC_MSGSEND = YES;
				ENABLE_TESTABILITY = YES;
				GCC_C_LANGUAGE_STANDARD = gnu11;
				GCC_DYNAMIC_NO_PIC = NO;
				GCC_NO_COMMON_BLOCKS = YES;
				GCC_OPTIMIZATION_LEVEL = 0;
				GCC_PREPROCESSOR_DEFINITIONS = (
					"DEBUG=1",
					"$(inherited)",
				);
				GCC_WARN_64_TO_32_BIT_CONVERSION = YES;
				GCC_WARN_ABOUT_RETURN_TYPE = YES_ERROR;
				GCC_WARN_UNDECLARED_SELECTOR = YES;
				GCC_WARN_UNINITIALIZED_AUTOS = YES_AGGRESSIVE;
				GCC_WARN_UNUSED_FUNCTION = YES;
				GCC_WARN_UNUSED_VARIABLE = YES;
				IPHONEOS_DEPLOYMENT_TARGET = 11.3;
				MTL_ENABLE_DEBUG_INFO = YES;
				ONLY_ACTIVE_ARCH = YES;
				SDKROOT = iphoneos;
			};
			name = Debug;
		};
		6250F20A206F852D00CA4662 /* Release */ = {
			isa = XCBuildConfiguration;
			buildSettings = {
				ALWAYS_SEARCH_USER_PATHS = NO;
				CLANG_ANALYZER_NONNULL = YES;
				CLANG_ANALYZER_NUMBER_OBJECT_CONVERSION = YES_AGGRESSIVE;
				CLANG_CXX_LANGUAGE_STANDARD = "gnu++14";
				CLANG_CXX_LIBRARY = "libc++";
				CLANG_ENABLE_MODULES = YES;
				CLANG_ENABLE_OBJC_ARC = YES;
				CLANG_ENABLE_OBJC_WEAK = YES;
				CLANG_WARN_BLOCK_CAPTURE_AUTORELEASING = YES;
				CLANG_WARN_BOOL_CONVERSION = YES;
				CLANG_WARN_COMMA = YES;
				CLANG_WARN_CONSTANT_CONVERSION = YES;
				CLANG_WARN_DEPRECATED_OBJC_IMPLEMENTATIONS = YES;
				CLANG_WARN_DIRECT_OBJC_ISA_USAGE = YES_ERROR;
				CLANG_WARN_DOCUMENTATION_COMMENTS = YES;
				CLANG_WARN_EMPTY_BODY = YES;
				CLANG_WARN_ENUM_CONVERSION = YES;
				CLANG_WARN_INFINITE_RECURSION = YES;
				CLANG_WARN_INT_CONVERSION = YES;
				CLANG_WARN_NON_LITERAL_NULL_CONVERSION = YES;
				CLANG_WARN_OBJC_IMPLICIT_RETAIN_SELF = YES;
				CLANG_WARN_OBJC_LITERAL_CONVERSION = YES;
				CLANG_WARN_OBJC_ROOT_CLASS = YES_ERROR;
				CLANG_WARN_RANGE_LOOP_ANALYSIS = YES;
				CLANG_WARN_STRICT_PROTOTYPES = YES;
				CLANG_WARN_SUSPICIOUS_MOVE = YES;
				CLANG_WARN_UNGUARDED_AVAILABILITY = YES_AGGRESSIVE;
				CLANG_WARN_UNREACHABLE_CODE = YES;
				CLANG_WARN__DUPLICATE_METHOD_MATCH = YES;
				CODE_SIGN_IDENTITY = "iPhone Developer";
				COPY_PHASE_STRIP = NO;
				DEBUG_INFORMATION_FORMAT = "dwarf-with-dsym";
				ENABLE_NS_ASSERTIONS = NO;
				ENABLE_STRICT_OBJC_MSGSEND = YES;
				GCC_C_LANGUAGE_STANDARD = gnu11;
				GCC_NO_COMMON_BLOCKS = YES;
				GCC_WARN_64_TO_32_BIT_CONVERSION = YES;
				GCC_WARN_ABOUT_RETURN_TYPE = YES_ERROR;
				GCC_WARN_UNDECLARED_SELECTOR = YES;
				GCC_WARN_UNINITIALIZED_AUTOS = YES_AGGRESSIVE;
				GCC_WARN_UNUSED_FUNCTION = YES;
				GCC_WARN_UNUSED_VARIABLE = YES;
				IPHONEOS_DEPLOYMENT_TARGET = 11.3;
				MTL_ENABLE_DEBUG_INFO = NO;
				SDKROOT = iphoneos;
				VALIDATE_PRODUCT = YES;
			};
			name = Release;
		};
		6250F20C206F852D00CA4662 /* Debug */ = {
			isa = XCBuildConfiguration;
			buildSettings = {
				ASSETCATALOG_COMPILER_APPICON_NAME = AppIcon;
				CODE_SIGN_STYLE = Automatic;
				DEVELOPMENT_TEAM = UD4PDXT9JQ;
				INFOPLIST_FILE = ContactDemoCoreData/Info.plist;
				LD_RUNPATH_SEARCH_PATHS = (
					"$(inherited)",
					"@executable_path/Frameworks",
				);
				PRODUCT_BUNDLE_IDENTIFIER = "hou.-315";
				PRODUCT_NAME = "$(TARGET_NAME)";
				TARGETED_DEVICE_FAMILY = "1,2";
			};
			name = Debug;
		};
		6250F20D206F852D00CA4662 /* Release */ = {
			isa = XCBuildConfiguration;
			buildSettings = {
				ASSETCATALOG_COMPILER_APPICON_NAME = AppIcon;
				CODE_SIGN_STYLE = Automatic;
				DEVELOPMENT_TEAM = UD4PDXT9JQ;
				INFOPLIST_FILE = ContactDemoCoreData/Info.plist;
				LD_RUNPATH_SEARCH_PATHS = (
					"$(inherited)",
					"@executable_path/Frameworks",
				);
				PRODUCT_BUNDLE_IDENTIFIER = "hou.-315";
				PRODUCT_NAME = "$(TARGET_NAME)";
				TARGETED_DEVICE_FAMILY = "1,2";
			};
			name = Release;
		};
		6250F20F206F852D00CA4662 /* Debug */ = {
			isa = XCBuildConfiguration;
			buildSettings = {
				BUNDLE_LOADER = "$(TEST_HOST)";
				CODE_SIGN_STYLE = Automatic;
				DEVELOPMENT_TEAM = UD4PDXT9JQ;
				INFOPLIST_FILE = ContactDemoCoreDataTests/Info.plist;
				LD_RUNPATH_SEARCH_PATHS = (
					"$(inherited)",
					"@executable_path/Frameworks",
					"@loader_path/Frameworks",
				);
				PRODUCT_BUNDLE_IDENTIFIER = hou.ContactDemoCoreDataTests;
				PRODUCT_NAME = "$(TARGET_NAME)";
				TARGETED_DEVICE_FAMILY = "1,2";
				TEST_HOST = "$(BUILT_PRODUCTS_DIR)/ContactDemoCoreData.app/ContactDemoCoreData";
			};
			name = Debug;
		};
		6250F210206F852D00CA4662 /* Release */ = {
			isa = XCBuildConfiguration;
			buildSettings = {
				BUNDLE_LOADER = "$(TEST_HOST)";
				CODE_SIGN_STYLE = Automatic;
				DEVELOPMENT_TEAM = UD4PDXT9JQ;
				INFOPLIST_FILE = ContactDemoCoreDataTests/Info.plist;
				LD_RUNPATH_SEARCH_PATHS = (
					"$(inherited)",
					"@executable_path/Frameworks",
					"@loader_path/Frameworks",
				);
				PRODUCT_BUNDLE_IDENTIFIER = hou.ContactDemoCoreDataTests;
				PRODUCT_NAME = "$(TARGET_NAME)";
				TARGETED_DEVICE_FAMILY = "1,2";
				TEST_HOST = "$(BUILT_PRODUCTS_DIR)/ContactDemoCoreData.app/ContactDemoCoreData";
			};
			name = Release;
		};
		6250F212206F852D00CA4662 /* Debug */ = {
			isa = XCBuildConfiguration;
			buildSettings = {
				CODE_SIGN_STYLE = Automatic;
				DEVELOPMENT_TEAM = UD4PDXT9JQ;
				INFOPLIST_FILE = ContactDemoCoreDataUITests/Info.plist;
				LD_RUNPATH_SEARCH_PATHS = (
					"$(inherited)",
					"@executable_path/Frameworks",
					"@loader_path/Frameworks",
				);
				PRODUCT_BUNDLE_IDENTIFIER = hou.ContactDemoCoreDataUITests;
				PRODUCT_NAME = "$(TARGET_NAME)";
				TARGETED_DEVICE_FAMILY = "1,2";
				TEST_TARGET_NAME = ContactDemoCoreData;
			};
			name = Debug;
		};
		6250F213206F852D00CA4662 /* Release */ = {
			isa = XCBuildConfiguration;
			buildSettings = {
				CODE_SIGN_STYLE = Automatic;
				DEVELOPMENT_TEAM = UD4PDXT9JQ;
				INFOPLIST_FILE = ContactDemoCoreDataUITests/Info.plist;
				LD_RUNPATH_SEARCH_PATHS = (
					"$(inherited)",
					"@executable_path/Frameworks",
					"@loader_path/Frameworks",
				);
				PRODUCT_BUNDLE_IDENTIFIER = hou.ContactDemoCoreDataUITests;
				PRODUCT_NAME = "$(TARGET_NAME)";
				TARGETED_DEVICE_FAMILY = "1,2";
				TEST_TARGET_NAME = ContactDemoCoreData;
			};
			name = Release;
		};
/* End XCBuildConfiguration section */

/* Begin XCConfigurationList section */
		6250F1D7206F852B00CA4662 /* Build configuration list for PBXProject "ContactDemoCoreData" */ = {
			isa = XCConfigurationList;
			buildConfigurations = (
				6250F209206F852D00CA4662 /* Debug */,
				6250F20A206F852D00CA4662 /* Release */,
			);
			defaultConfigurationIsVisible = 0;
			defaultConfigurationName = Release;
		};
		6250F20B206F852D00CA4662 /* Build configuration list for PBXNativeTarget "ContactDemoCoreData" */ = {
			isa = XCConfigurationList;
			buildConfigurations = (
				6250F20C206F852D00CA4662 /* Debug */,
				6250F20D206F852D00CA4662 /* Release */,
			);
			defaultConfigurationIsVisible = 0;
			defaultConfigurationName = Release;
		};
		6250F20E206F852D00CA4662 /* Build configuration list for PBXNativeTarget "ContactDemoCoreDataTests" */ = {
			isa = XCConfigurationList;
			buildConfigurations = (
				6250F20F206F852D00CA4662 /* Debug */,
				6250F210206F852D00CA4662 /* Release */,
			);
			defaultConfigurationIsVisible = 0;
			defaultConfigurationName = Release;
		};
		6250F211206F852D00CA4662 /* Build configuration list for PBXNativeTarget "ContactDemoCoreDataUITests" */ = {
			isa = XCConfigurationList;
			buildConfigurations = (
				6250F212206F852D00CA4662 /* Debug */,
				6250F213206F852D00CA4662 /* Release */,
			);
			defaultConfigurationIsVisible = 0;
			defaultConfigurationName = Release;
		};
/* End XCConfigurationList section */

/* Begin XCVersionGroup section */
		6250F1E8206F852B00CA4662 /* ContactDemoCoreData.xcdatamodeld */ = {
			isa = XCVersionGroup;
			children = (
				6250F1E9206F852B00CA4662 /* ContactDemoCoreData.xcdatamodel */,
			);
			currentVersion = 6250F1E9206F852B00CA4662 /* ContactDemoCoreData.xcdatamodel */;
			path = ContactDemoCoreData.xcdatamodeld;
			sourceTree = "<group>";
			versionGroupType = wrapper.xcdatamodel;
		};
/* End XCVersionGroup section */
	};
	rootObject = 6250F1D4206F852B00CA4662 /* Project object */;
}
