// !$*UTF8*$!
{
	archiveVersion = 1;
	classes = {
	};
	objectVersion = 50;
	objects = {

/* Begin PBXBuildFile section */
		5EDC628F3529CD3E4283B1BB /* .gitignore in Resources */ = {isa = PBXBuildFile; fileRef = 5EDC6E471DAABA4F6867545E /* .gitignore */; };
		624D4898209C556D00763942 /* ContactListViewController.m in Sources */ = {isa = PBXBuildFile; fileRef = 624D4897209C556D00763942 /* ContactListViewController.m */; };
		628E0ECE209C38540099B977 /* AppDelegate.m in Sources */ = {isa = PBXBuildFile; fileRef = 628E0ECD209C38540099B977 /* AppDelegate.m */; };
		628E0ED1209C38540099B977 /* ViewController.m in Sources */ = {isa = PBXBuildFile; fileRef = 628E0ED0209C38540099B977 /* ViewController.m */; };
		628E0ED4209C38540099B977 /* Main.storyboard in Resources */ = {isa = PBXBuildFile; fileRef = 628E0ED2209C38540099B977 /* Main.storyboard */; };
		628E0ED7209C38540099B977 /* AddrBook.xcdatamodeld in Sources */ = {isa = PBXBuildFile; fileRef = 628E0ED5209C38540099B977 /* AddrBook.xcdatamodeld */; };
		628E0ED9209C38550099B977 /* Assets.xcassets in Resources */ = {isa = PBXBuildFile; fileRef = 628E0ED8209C38550099B977 /* Assets.xcassets */; };
		628E0EDC209C38550099B977 /* LaunchScreen.storyboard in Resources */ = {isa = PBXBuildFile; fileRef = 628E0EDA209C38550099B977 /* LaunchScreen.storyboard */; };
		628E0EDF209C38550099B977 /* main.m in Sources */ = {isa = PBXBuildFile; fileRef = 628E0EDE209C38550099B977 /* main.m */; };
		628E0EE9209C38550099B977 /* AddrBookTests.m in Sources */ = {isa = PBXBuildFile; fileRef = 628E0EE8209C38550099B977 /* AddrBookTests.m */; };
		628E0EF4209C38550099B977 /* AddrBookUITests.m in Sources */ = {isa = PBXBuildFile; fileRef = 628E0EF3209C38550099B977 /* AddrBookUITests.m */; };
		628E0F02209C386C0099B977 /* Podfile in Resources */ = {isa = PBXBuildFile; fileRef = 628E0F01209C386C0099B977 /* Podfile */; };
		62AC66D1209C5F51003874CE /* RegisterViewController.m in Sources */ = {isa = PBXBuildFile; fileRef = 62AC66D0209C5F51003874CE /* RegisterViewController.m */; };
		62AC66D4209D8383003874CE /* MeTableViewController.m in Sources */ = {isa = PBXBuildFile; fileRef = 62AC66D3209D8383003874CE /* MeTableViewController.m */; };
		62AC66D6209DFB39003874CE /* Contacts.plist in Resources */ = {isa = PBXBuildFile; fileRef = 62AC66D5209DFB39003874CE /* Contacts.plist */; };
		62AC66D9209EB353003874CE /* Contact.m in Sources */ = {isa = PBXBuildFile; fileRef = 62AC66D8209EB353003874CE /* Contact.m */; };
		62AC66DC209EDCF3003874CE /* DetailTableViewController.m in Sources */ = {isa = PBXBuildFile; fileRef = 62AC66DB209EDCF3003874CE /* DetailTableViewController.m */; };
		B59CFF3FB7F0BACCB5342618 /* libPods-AddrBook.a in Frameworks */ = {isa = PBXBuildFile; fileRef = 1233C02A9B0F73B25CA5B5AA /* libPods-AddrBook.a */; };
/* End PBXBuildFile section */

/* Begin PBXContainerItemProxy section */
		628E0EE5209C38550099B977 /* PBXContainerItemProxy */ = {
			isa = PBXContainerItemProxy;
			containerPortal = 628E0EC1209C38540099B977 /* Project object */;
			proxyType = 1;
			remoteGlobalIDString = 628E0EC8209C38540099B977;
			remoteInfo = AddrBook;
		};
		628E0EF0209C38550099B977 /* PBXContainerItemProxy */ = {
			isa = PBXContainerItemProxy;
			containerPortal = 628E0EC1209C38540099B977 /* Project object */;
			proxyType = 1;
			remoteGlobalIDString = 628E0EC8209C38540099B977;
			remoteInfo = AddrBook;
		};
/* End PBXContainerItemProxy section */

/* Begin PBXFileReference section */
		02F7FCB78831C215B08E6491 /* Pods-AddrBook.release.xcconfig */ = {isa = PBXFileReference; includeInIndex = 1; lastKnownFileType = text.xcconfig; name = "Pods-AddrBook.release.xcconfig"; path = "Pods/Target Support Files/Pods-AddrBook/Pods-AddrBook.release.xcconfig"; sourceTree = "<group>"; };
		1233C02A9B0F73B25CA5B5AA /* libPods-AddrBook.a */ = {isa = PBXFileReference; explicitFileType = archive.ar; includeInIndex = 0; path = "libPods-AddrBook.a"; sourceTree = BUILT_PRODUCTS_DIR; };
		5EDC6E471DAABA4F6867545E /* .gitignore */ = {isa = PBXFileReference; lastKnownFileType = file.gitignore; path = .gitignore; sourceTree = "<group>"; };
		624D4896209C556D00763942 /* ContactListViewController.h */ = {isa = PBXFileReference; lastKnownFileType = sourcecode.c.h; path = ContactListViewController.h; sourceTree = "<group>"; };
		624D4897209C556D00763942 /* ContactListViewController.m */ = {isa = PBXFileReference; lastKnownFileType = sourcecode.c.objc; path = ContactListViewController.m; sourceTree = "<group>"; };
		628E0EC9209C38540099B977 /* AddrBook.app */ = {isa = PBXFileReference; explicitFileType = wrapper.application; includeInIndex = 0; path = AddrBook.app; sourceTree = BUILT_PRODUCTS_DIR; };
		628E0ECC209C38540099B977 /* AppDelegate.h */ = {isa = PBXFileReference; lastKnownFileType = sourcecode.c.h; path = AppDelegate.h; sourceTree = "<group>"; };
		628E0ECD209C38540099B977 /* AppDelegate.m */ = {isa = PBXFileReference; lastKnownFileType = sourcecode.c.objc; path = AppDelegate.m; sourceTree = "<group>"; };
		628E0ECF209C38540099B977 /* ViewController.h */ = {isa = PBXFileReference; lastKnownFileType = sourcecode.c.h; path = ViewController.h; sourceTree = "<group>"; };
		628E0ED0209C38540099B977 /* ViewController.m */ = {isa = PBXFileReference; lastKnownFileType = sourcecode.c.objc; path = ViewController.m; sourceTree = "<group>"; };
		628E0ED3209C38540099B977 /* Base */ = {isa = PBXFileReference; lastKnownFileType = file.storyboard; name = Base; path = Base.lproj/Main.storyboard; sourceTree = "<group>"; };
		628E0ED6209C38540099B977 /* AddrBook.xcdatamodel */ = {isa = PBXFileReference; lastKnownFileType = wrapper.xcdatamodel; path = AddrBook.xcdatamodel; sourceTree = "<group>"; };
		628E0ED8209C38550099B977 /* Assets.xcassets */ = {isa = PBXFileReference; lastKnownFileType = folder.assetcatalog; path = Assets.xcassets; sourceTree = "<group>"; };
		628E0EDB209C38550099B977 /* Base */ = {isa = PBXFileReference; lastKnownFileType = file.storyboard; name = Base; path = Base.lproj/LaunchScreen.storyboard; sourceTree = "<group>"; };
		628E0EDD209C38550099B977 /* Info.plist */ = {isa = PBXFileReference; lastKnownFileType = text.plist.xml; path = Info.plist; sourceTree = "<group>"; };
		628E0EDE209C38550099B977 /* main.m */ = {isa = PBXFileReference; lastKnownFileType = sourcecode.c.objc; path = main.m; sourceTree = "<group>"; };
		628E0EE4209C38550099B977 /* AddrBookTests.xctest */ = {isa = PBXFileReference; explicitFileType = wrapper.cfbundle; includeInIndex = 0; path = AddrBookTests.xctest; sourceTree = BUILT_PRODUCTS_DIR; };
		628E0EE8209C38550099B977 /* AddrBookTests.m */ = {isa = PBXFileReference; lastKnownFileType = sourcecode.c.objc; path = AddrBookTests.m; sourceTree = "<group>"; };
		628E0EEA209C38550099B977 /* Info.plist */ = {isa = PBXFileReference; lastKnownFileType = text.plist.xml; path = Info.plist; sourceTree = "<group>"; };
		628E0EEF209C38550099B977 /* AddrBookUITests.xctest */ = {isa = PBXFileReference; explicitFileType = wrapper.cfbundle; includeInIndex = 0; path = AddrBookUITests.xctest; sourceTree = BUILT_PRODUCTS_DIR; };
		628E0EF3209C38550099B977 /* AddrBookUITests.m */ = {isa = PBXFileReference; lastKnownFileType = sourcecode.c.objc; path = AddrBookUITests.m; sourceTree = "<group>"; };
		628E0EF5209C38550099B977 /* Info.plist */ = {isa = PBXFileReference; lastKnownFileType = text.plist.xml; path = Info.plist; sourceTree = "<group>"; };
		628E0F01209C386C0099B977 /* Podfile */ = {isa = PBXFileReference; lastKnownFileType = text; path = Podfile; sourceTree = "<group>"; };
		62AC66CF209C5F51003874CE /* RegisterViewController.h */ = {isa = PBXFileReference; lastKnownFileType = sourcecode.c.h; path = RegisterViewController.h; sourceTree = "<group>"; };
		62AC66D0209C5F51003874CE /* RegisterViewController.m */ = {isa = PBXFileReference; lastKnownFileType = sourcecode.c.objc; path = RegisterViewController.m; sourceTree = "<group>"; };
		62AC66D2209D8383003874CE /* MeTableViewController.h */ = {isa = PBXFileReference; lastKnownFileType = sourcecode.c.h; path = MeTableViewController.h; sourceTree = "<group>"; };
		62AC66D3209D8383003874CE /* MeTableViewController.m */ = {isa = PBXFileReference; lastKnownFileType = sourcecode.c.objc; path = MeTableViewController.m; sourceTree = "<group>"; };
		62AC66D5209DFB39003874CE /* Contacts.plist */ = {isa = PBXFileReference; lastKnownFileType = text.plist.xml; path = Contacts.plist; sourceTree = "<group>"; };
		62AC66D7209EB353003874CE /* Contact.h */ = {isa = PBXFileReference; lastKnownFileType = sourcecode.c.h; path = Contact.h; sourceTree = "<group>"; };
		62AC66D8209EB353003874CE /* Contact.m */ = {isa = PBXFileReference; lastKnownFileType = sourcecode.c.objc; path = Contact.m; sourceTree = "<group>"; };
		62AC66DA209EDCF3003874CE /* DetailTableViewController.h */ = {isa = PBXFileReference; lastKnownFileType = sourcecode.c.h; path = DetailTableViewController.h; sourceTree = "<group>"; };
		62AC66DB209EDCF3003874CE /* DetailTableViewController.m */ = {isa = PBXFileReference; lastKnownFileType = sourcecode.c.objc; path = DetailTableViewController.m; sourceTree = "<group>"; };
		E533E42C61D6C843C69860C4 /* Pods-AddrBook.debug.xcconfig */ = {isa = PBXFileReference; includeInIndex = 1; lastKnownFileType = text.xcconfig; name = "Pods-AddrBook.debug.xcconfig"; path = "Pods/Target Support Files/Pods-AddrBook/Pods-AddrBook.debug.xcconfig"; sourceTree = "<group>"; };
/* End PBXFileReference section */

/* Begin PBXFrameworksBuildPhase section */
		628E0EC6209C38540099B977 /* Frameworks */ = {
			isa = PBXFrameworksBuildPhase;
			buildActionMask = 2147483647;
			files = (
				B59CFF3FB7F0BACCB5342618 /* libPods-AddrBook.a in Frameworks */,
			);
			runOnlyForDeploymentPostprocessing = 0;
		};
		628E0EE1209C38550099B977 /* Frameworks */ = {
			isa = PBXFrameworksBuildPhase;
			buildActionMask = 2147483647;
			files = (
			);
			runOnlyForDeploymentPostprocessing = 0;
		};
		628E0EEC209C38550099B977 /* Frameworks */ = {
			isa = PBXFrameworksBuildPhase;
			buildActionMask = 2147483647;
			files = (
			);
			runOnlyForDeploymentPostprocessing = 0;
		};
/* End PBXFrameworksBuildPhase section */

/* Begin PBXGroup section */
		53F2E84AD7C9BC5122FCD4C6 /* Frameworks */ = {
			isa = PBXGroup;
			children = (
				1233C02A9B0F73B25CA5B5AA /* libPods-AddrBook.a */,
			);
			name = Frameworks;
			sourceTree = "<group>";
		};
		628E0EC0209C38540099B977 = {
			isa = PBXGroup;
			children = (
				628E0F01209C386C0099B977 /* Podfile */,
				628E0ECB209C38540099B977 /* AddrBook */,
				628E0EE7209C38550099B977 /* AddrBookTests */,
				628E0EF2209C38550099B977 /* AddrBookUITests */,
				628E0ECA209C38540099B977 /* Products */,
				C3417FB74D7687B2304892D5 /* Pods */,
				53F2E84AD7C9BC5122FCD4C6 /* Frameworks */,
				5EDC6E471DAABA4F6867545E /* .gitignore */,
			);
			sourceTree = "<group>";
		};
		628E0ECA209C38540099B977 /* Products */ = {
			isa = PBXGroup;
			children = (
				628E0EC9209C38540099B977 /* AddrBook.app */,
				628E0EE4209C38550099B977 /* AddrBookTests.xctest */,
				628E0EEF209C38550099B977 /* AddrBookUITests.xctest */,
			);
			name = Products;
			sourceTree = "<group>";
		};
		628E0ECB209C38540099B977 /* AddrBook */ = {
			isa = PBXGroup;
			children = (
				628E0ECC209C38540099B977 /* AppDelegate.h */,
				628E0ECD209C38540099B977 /* AppDelegate.m */,
				628E0ECF209C38540099B977 /* ViewController.h */,
				628E0ED0209C38540099B977 /* ViewController.m */,
				628E0ED2209C38540099B977 /* Main.storyboard */,
				628E0ED8209C38550099B977 /* Assets.xcassets */,
				628E0EDA209C38550099B977 /* LaunchScreen.storyboard */,
				628E0EDD209C38550099B977 /* Info.plist */,
				628E0EDE209C38550099B977 /* main.m */,
				628E0ED5209C38540099B977 /* AddrBook.xcdatamodeld */,
				624D4896209C556D00763942 /* ContactListViewController.h */,
				624D4897209C556D00763942 /* ContactListViewController.m */,
				62AC66CF209C5F51003874CE /* RegisterViewController.h */,
				62AC66D0209C5F51003874CE /* RegisterViewController.m */,
				62AC66D2209D8383003874CE /* MeTableViewController.h */,
				62AC66D3209D8383003874CE /* MeTableViewController.m */,
				62AC66D5209DFB39003874CE /* Contacts.plist */,
				62AC66D7209EB353003874CE /* Contact.h */,
				62AC66D8209EB353003874CE /* Contact.m */,
				62AC66DA209EDCF3003874CE /* DetailTableViewController.h */,
				62AC66DB209EDCF3003874CE /* DetailTableViewController.m */,
			);
			path = AddrBook;
			sourceTree = "<group>";
		};
		628E0EE7209C38550099B977 /* AddrBookTests */ = {
			isa = PBXGroup;
			children = (
				628E0EE8209C38550099B977 /* AddrBookTests.m */,
				628E0EEA209C38550099B977 /* Info.plist */,
			);
			path = AddrBookTests;
			sourceTree = "<group>";
		};
		628E0EF2209C38550099B977 /* AddrBookUITests */ = {
			isa = PBXGroup;
			children = (
				628E0EF3209C38550099B977 /* AddrBookUITests.m */,
				628E0EF5209C38550099B977 /* Info.plist */,
			);
			path = AddrBookUITests;
			sourceTree = "<group>";
		};
		C3417FB74D7687B2304892D5 /* Pods */ = {
			isa = PBXGroup;
			children = (
				E533E42C61D6C843C69860C4 /* Pods-AddrBook.debug.xcconfig */,
				02F7FCB78831C215B08E6491 /* Pods-AddrBook.release.xcconfig */,
			);
			name = Pods;
			sourceTree = "<group>";
		};
/* End PBXGroup section */

/* Begin PBXNativeTarget section */
		628E0EC8209C38540099B977 /* AddrBook */ = {
			isa = PBXNativeTarget;
			buildConfigurationList = 628E0EF8209C38550099B977 /* Build configuration list for PBXNativeTarget "AddrBook" */;
			buildPhases = (
				09B2C54010EAE490B8B2F284 /* [CP] Check Pods Manifest.lock */,
				628E0EC5209C38540099B977 /* Sources */,
				628E0EC6209C38540099B977 /* Frameworks */,
				628E0EC7209C38540099B977 /* Resources */,
				770E0E4A72CF79CC75D719B1 /* [CP] Embed Pods Frameworks */,
				E88541B137A9E47A110F6A55 /* [CP] Copy Pods Resources */,
			);
			buildRules = (
			);
			dependencies = (
			);
			name = AddrBook;
			productName = AddrBook;
			productReference = 628E0EC9209C38540099B977 /* AddrBook.app */;
			productType = "com.apple.product-type.application";
		};
		628E0EE3209C38550099B977 /* AddrBookTests */ = {
			isa = PBXNativeTarget;
			buildConfigurationList = 628E0EFB209C38550099B977 /* Build configuration list for PBXNativeTarget "AddrBookTests" */;
			buildPhases = (
				628E0EE0209C38550099B977 /* Sources */,
				628E0EE1209C38550099B977 /* Frameworks */,
				628E0EE2209C38550099B977 /* Resources */,
			);
			buildRules = (
			);
			dependencies = (
				628E0EE6209C38550099B977 /* PBXTargetDependency */,
			);
			name = AddrBookTests;
			productName = AddrBookTests;
			productReference = 628E0EE4209C38550099B977 /* AddrBookTests.xctest */;
			productType = "com.apple.product-type.bundle.unit-test";
		};
		628E0EEE209C38550099B977 /* AddrBookUITests */ = {
			isa = PBXNativeTarget;
			buildConfigurationList = 628E0EFE209C38550099B977 /* Build configuration list for PBXNativeTarget "AddrBookUITests" */;
			buildPhases = (
				628E0EEB209C38550099B977 /* Sources */,
				628E0EEC209C38550099B977 /* Frameworks */,
				628E0EED209C38550099B977 /* Resources */,
			);
			buildRules = (
			);
			dependencies = (
				628E0EF1209C38550099B977 /* PBXTargetDependency */,
			);
			name = AddrBookUITests;
			productName = AddrBookUITests;
			productReference = 628E0EEF209C38550099B977 /* AddrBookUITests.xctest */;
			productType = "com.apple.product-type.bundle.ui-testing";
		};
/* End PBXNativeTarget section */

/* Begin PBXProject section */
		628E0EC1209C38540099B977 /* Project object */ = {
			isa = PBXProject;
			attributes = {
				KnownAssetTags = (
					save,
				);
				LastUpgradeCheck = 0930;
				ORGANIZATIONNAME = houlx.ssdut;
				TargetAttributes = {
					628E0EC8209C38540099B977 = {
						CreatedOnToolsVersion = 9.3;
					};
					628E0EE3209C38550099B977 = {
						CreatedOnToolsVersion = 9.3;
						TestTargetID = 628E0EC8209C38540099B977;
					};
					628E0EEE209C38550099B977 = {
						CreatedOnToolsVersion = 9.3;
						TestTargetID = 628E0EC8209C38540099B977;
					};
				};
			};
			buildConfigurationList = 628E0EC4209C38540099B977 /* Build configuration list for PBXProject "AddrBook" */;
			compatibilityVersion = "Xcode 9.3";
			developmentRegion = en;
			hasScannedForEncodings = 0;
			knownRegions = (
				en,
				Base,
			);
			mainGroup = 628E0EC0209C38540099B977;
			productRefGroup = 628E0ECA209C38540099B977 /* Products */;
			projectDirPath = "";
			projectRoot = "";
			targets = (
				628E0EC8209C38540099B977 /* AddrBook */,
				628E0EE3209C38550099B977 /* AddrBookTests */,
				628E0EEE209C38550099B977 /* AddrBookUITests */,
			);
		};
/* End PBXProject section */

/* Begin PBXResourcesBuildPhase section */
		628E0EC7209C38540099B977 /* Resources */ = {
			isa = PBXResourcesBuildPhase;
			buildActionMask = 2147483647;
			files = (
				628E0EDC209C38550099B977 /* LaunchScreen.storyboard in Resources */,
				628E0ED9209C38550099B977 /* Assets.xcassets in Resources */,
				628E0F02209C386C0099B977 /* Podfile in Resources */,
				628E0ED4209C38540099B977 /* Main.storyboard in Resources */,
				62AC66D6209DFB39003874CE /* Contacts.plist in Resources */,
				5EDC628F3529CD3E4283B1BB /* .gitignore in Resources */,
			);
			runOnlyForDeploymentPostprocessing = 0;
		};
		628E0EE2209C38550099B977 /* Resources */ = {
			isa = PBXResourcesBuildPhase;
			buildActionMask = 2147483647;
			files = (
			);
			runOnlyForDeploymentPostprocessing = 0;
		};
		628E0EED209C38550099B977 /* Resources */ = {
			isa = PBXResourcesBuildPhase;
			buildActionMask = 2147483647;
			files = (
			);
			runOnlyForDeploymentPostprocessing = 0;
		};
/* End PBXResourcesBuildPhase section */

/* Begin PBXShellScriptBuildPhase section */
		09B2C54010EAE490B8B2F284 /* [CP] Check Pods Manifest.lock */ = {
			isa = PBXShellScriptBuildPhase;
			buildActionMask = 2147483647;
			files = (
			);
			inputPaths = (
				"${PODS_PODFILE_DIR_PATH}/Podfile.lock",
				"${PODS_ROOT}/Manifest.lock",
			);
			name = "[CP] Check Pods Manifest.lock";
			outputPaths = (
				"$(DERIVED_FILE_DIR)/Pods-AddrBook-checkManifestLockResult.txt",
			);
			runOnlyForDeploymentPostprocessing = 0;
			shellPath = /bin/sh;
			shellScript = "diff \"${PODS_PODFILE_DIR_PATH}/Podfile.lock\" \"${PODS_ROOT}/Manifest.lock\" > /dev/null\nif [ $? != 0 ] ; then\n    # print error to STDERR\n    echo \"error: The sandbox is not in sync with the Podfile.lock. Run 'pod install' or update your CocoaPods installation.\" >&2\n    exit 1\nfi\n# This output is used by Xcode 'outputs' to avoid re-running this script phase.\necho \"SUCCESS\" > \"${SCRIPT_OUTPUT_FILE_0}\"\n";
			showEnvVarsInLog = 0;
		};
		770E0E4A72CF79CC75D719B1 /* [CP] Embed Pods Frameworks */ = {
			isa = PBXShellScriptBuildPhase;
			buildActionMask = 2147483647;
			files = (
			);
			inputPaths = (
			);
			name = "[CP] Embed Pods Frameworks";
			outputPaths = (
			);
			runOnlyForDeploymentPostprocessing = 0;
			shellPath = /bin/sh;
			shellScript = "\"${SRCROOT}/Pods/Target Support Files/Pods-AddrBook/Pods-AddrBook-frameworks.sh\"\n";
			showEnvVarsInLog = 0;
		};
		E88541B137A9E47A110F6A55 /* [CP] Copy Pods Resources */ = {
			isa = PBXShellScriptBuildPhase;
			buildActionMask = 2147483647;
			files = (
			);
			inputPaths = (
			);
			name = "[CP] Copy Pods Resources";
			outputPaths = (
			);
			runOnlyForDeploymentPostprocessing = 0;
			shellPath = /bin/sh;
			shellScript = "\"${SRCROOT}/Pods/Target Support Files/Pods-AddrBook/Pods-AddrBook-resources.sh\"\n";
			showEnvVarsInLog = 0;
		};
/* End PBXShellScriptBuildPhase section */

/* Begin PBXSourcesBuildPhase section */
		628E0EC5209C38540099B977 /* Sources */ = {
			isa = PBXSourcesBuildPhase;
			buildActionMask = 2147483647;
			files = (
				62AC66D9209EB353003874CE /* Contact.m in Sources */,
				628E0ED7209C38540099B977 /* AddrBook.xcdatamodeld in Sources */,
				624D4898209C556D00763942 /* ContactListViewController.m in Sources */,
				62AC66DC209EDCF3003874CE /* DetailTableViewController.m in Sources */,
				628E0ED1209C38540099B977 /* ViewController.m in Sources */,
				628E0EDF209C38550099B977 /* main.m in Sources */,
				62AC66D1209C5F51003874CE /* RegisterViewController.m in Sources */,
				62AC66D4209D8383003874CE /* MeTableViewController.m in Sources */,
				628E0ECE209C38540099B977 /* AppDelegate.m in Sources */,
			);
			runOnlyForDeploymentPostprocessing = 0;
		};
		628E0EE0209C38550099B977 /* Sources */ = {
			isa = PBXSourcesBuildPhase;
			buildActionMask = 2147483647;
			files = (
				628E0EE9209C38550099B977 /* AddrBookTests.m in Sources */,
			);
			runOnlyForDeploymentPostprocessing = 0;
		};
		628E0EEB209C38550099B977 /* Sources */ = {
			isa = PBXSourcesBuildPhase;
			buildActionMask = 2147483647;
			files = (
				628E0EF4209C38550099B977 /* AddrBookUITests.m in Sources */,
			);
			runOnlyForDeploymentPostprocessing = 0;
		};
/* End PBXSourcesBuildPhase section */

/* Begin PBXTargetDependency section */
		628E0EE6209C38550099B977 /* PBXTargetDependency */ = {
			isa = PBXTargetDependency;
			target = 628E0EC8209C38540099B977 /* AddrBook */;
			targetProxy = 628E0EE5209C38550099B977 /* PBXContainerItemProxy */;
		};
		628E0EF1209C38550099B977 /* PBXTargetDependency */ = {
			isa = PBXTargetDependency;
			target = 628E0EC8209C38540099B977 /* AddrBook */;
			targetProxy = 628E0EF0209C38550099B977 /* PBXContainerItemProxy */;
		};
/* End PBXTargetDependency section */

/* Begin PBXVariantGroup section */
		628E0ED2209C38540099B977 /* Main.storyboard */ = {
			isa = PBXVariantGroup;
			children = (
				628E0ED3209C38540099B977 /* Base */,
			);
			name = Main.storyboard;
			sourceTree = "<group>";
		};
		628E0EDA209C38550099B977 /* LaunchScreen.storyboard */ = {
			isa = PBXVariantGroup;
			children = (
				628E0EDB209C38550099B977 /* Base */,
			);
			name = LaunchScreen.storyboard;
			sourceTree = "<group>";
		};
/* End PBXVariantGroup section */

/* Begin XCBuildConfiguration section */
		628E0EF6209C38550099B977 /* Debug */ = {
			isa = XCBuildConfiguration;
			buildSettings = {
				ALWAYS_SEARCH_USER_PATHS = NO;
				CLANG_ANALYZER_NONNULL = YES;
				CLANG_ANALYZER_NUMBER_OBJECT_CONVERSION = YES_AGGRESSIVE;
				CLANG_CXX_LANGUAGE_STANDARD = "gnu++14";
				CLANG_CXX_LIBRARY = "libc++";
				CLANG_ENABLE_MODULES = YES;
				CLANG_ENABLE_OBJC_ARC = YES;
				CLANG_ENABLE_OBJC_WEAK = YES;
				CLANG_WARN_BLOCK_CAPTURE_AUTORELEASING = YES;
				CLANG_WARN_BOOL_CONVERSION = YES;
				CLANG_WARN_COMMA = YES;
				CLANG_WARN_CONSTANT_CONVERSION = YES;
				CLANG_WARN_DEPRECATED_OBJC_IMPLEMENTATIONS = YES;
				CLANG_WARN_DIRECT_OBJC_ISA_USAGE = YES_ERROR;
				CLANG_WARN_DOCUMENTATION_COMMENTS = YES;
				CLANG_WARN_EMPTY_BODY = YES;
				CLANG_WARN_ENUM_CONVERSION = YES;
				CLANG_WARN_INFINITE_RECURSION = YES;
				CLANG_WARN_INT_CONVERSION = YES;
				CLANG_WARN_NON_LITERAL_NULL_CONVERSION = YES;
				CLANG_WARN_OBJC_IMPLICIT_RETAIN_SELF = YES;
				CLANG_WARN_OBJC_LITERAL_CONVERSION = YES;
				CLANG_WARN_OBJC_ROOT_CLASS = YES_ERROR;
				CLANG_WARN_RANGE_LOOP_ANALYSIS = YES;
				CLANG_WARN_STRICT_PROTOTYPES = YES;
				CLANG_WARN_SUSPICIOUS_MOVE = YES;
				CLANG_WARN_UNGUARDED_AVAILABILITY = YES_AGGRESSIVE;
				CLANG_WARN_UNREACHABLE_CODE = YES;
				CLANG_WARN__DUPLICATE_METHOD_MATCH = YES;
				CODE_SIGN_IDENTITY = "iPhone Developer";
				COPY_PHASE_STRIP = NO;
				DEBUG_INFORMATION_FORMAT = dwarf;
				ENABLE_STRICT_OBJC_MSGSEND = YES;
				ENABLE_TESTABILITY = YES;
				GCC_C_LANGUAGE_STANDARD = gnu11;
				GCC_DYNAMIC_NO_PIC = NO;
				GCC_NO_COMMON_BLOCKS = YES;
				GCC_OPTIMIZATION_LEVEL = 0;
				GCC_PREPROCESSOR_DEFINITIONS = (
					"DEBUG=1",
					"$(inherited)",
				);
				GCC_WARN_64_TO_32_BIT_CONVERSION = YES;
				GCC_WARN_ABOUT_RETURN_TYPE = YES_ERROR;
				GCC_WARN_UNDECLARED_SELECTOR = YES;
				GCC_WARN_UNINITIALIZED_AUTOS = YES_AGGRESSIVE;
				GCC_WARN_UNUSED_FUNCTION = YES;
				GCC_WARN_UNUSED_VARIABLE = YES;
				IPHONEOS_DEPLOYMENT_TARGET = 11.3;
				MTL_ENABLE_DEBUG_INFO = YES;
				ONLY_ACTIVE_ARCH = YES;
				SDKROOT = iphoneos;
			};
			name = Debug;
		};
		628E0EF7209C38550099B977 /* Release */ = {
			isa = XCBuildConfiguration;
			buildSettings = {
				ALWAYS_SEARCH_USER_PATHS = NO;
				CLANG_ANALYZER_NONNULL = YES;
				CLANG_ANALYZER_NUMBER_OBJECT_CONVERSION = YES_AGGRESSIVE;
				CLANG_CXX_LANGUAGE_STANDARD = "gnu++14";
				CLANG_CXX_LIBRARY = "libc++";
				CLANG_ENABLE_MODULES = YES;
				CLANG_ENABLE_OBJC_ARC = YES;
				CLANG_ENABLE_OBJC_WEAK = YES;
				CLANG_WARN_BLOCK_CAPTURE_AUTORELEASING = YES;
				CLANG_WARN_BOOL_CONVERSION = YES;
				CLANG_WARN_COMMA = YES;
				CLANG_WARN_CONSTANT_CONVERSION = YES;
				CLANG_WARN_DEPRECATED_OBJC_IMPLEMENTATIONS = YES;
				CLANG_WARN_DIRECT_OBJC_ISA_USAGE = YES_ERROR;
				CLANG_WARN_DOCUMENTATION_COMMENTS = YES;
				CLANG_WARN_EMPTY_BODY = YES;
				CLANG_WARN_ENUM_CONVERSION = YES;
				CLANG_WARN_INFINITE_RECURSION = YES;
				CLANG_WARN_INT_CONVERSION = YES;
				CLANG_WARN_NON_LITERAL_NULL_CONVERSION = YES;
				CLANG_WARN_OBJC_IMPLICIT_RETAIN_SELF = YES;
				CLANG_WARN_OBJC_LITERAL_CONVERSION = YES;
				CLANG_WARN_OBJC_ROOT_CLASS = YES_ERROR;
				CLANG_WARN_RANGE_LOOP_ANALYSIS = YES;
				CLANG_WARN_STRICT_PROTOTYPES = YES;
				CLANG_WARN_SUSPICIOUS_MOVE = YES;
				CLANG_WARN_UNGUARDED_AVAILABILITY = YES_AGGRESSIVE;
				CLANG_WARN_UNREACHABLE_CODE = YES;
				CLANG_WARN__DUPLICATE_METHOD_MATCH = YES;
				CODE_SIGN_IDENTITY = "iPhone Developer";
				COPY_PHASE_STRIP = NO;
				DEBUG_INFORMATION_FORMAT = "dwarf-with-dsym";
				ENABLE_NS_ASSERTIONS = NO;
				ENABLE_STRICT_OBJC_MSGSEND = YES;
				GCC_C_LANGUAGE_STANDARD = gnu11;
				GCC_NO_COMMON_BLOCKS = YES;
				GCC_WARN_64_TO_32_BIT_CONVERSION = YES;
				GCC_WARN_ABOUT_RETURN_TYPE = YES_ERROR;
				GCC_WARN_UNDECLARED_SELECTOR = YES;
				GCC_WARN_UNINITIALIZED_AUTOS = YES_AGGRESSIVE;
				GCC_WARN_UNUSED_FUNCTION = YES;
				GCC_WARN_UNUSED_VARIABLE = YES;
				IPHONEOS_DEPLOYMENT_TARGET = 11.3;
				MTL_ENABLE_DEBUG_INFO = NO;
				SDKROOT = iphoneos;
				VALIDATE_PRODUCT = YES;
			};
			name = Release;
		};
		628E0EF9209C38550099B977 /* Debug */ = {
			isa = XCBuildConfiguration;
			baseConfigurationReference = E533E42C61D6C843C69860C4 /* Pods-AddrBook.debug.xcconfig */;
			buildSettings = {
				ASSETCATALOG_COMPILER_APPICON_NAME = AppIcon;
				CODE_SIGN_STYLE = Automatic;
				DEVELOPMENT_TEAM = UD4PDXT9JQ;
				INFOPLIST_FILE = AddrBook/Info.plist;
				LD_RUNPATH_SEARCH_PATHS = (
					"$(inherited)",
					"@executable_path/Frameworks",
				);
				PRODUCT_BUNDLE_IDENTIFIER = hou.AddrBook;
				PRODUCT_NAME = "$(TARGET_NAME)";
				TARGETED_DEVICE_FAMILY = "1,2";
				USER_HEADER_SEARCH_PATHS = (
					"\"${PROJECT_DIR}/../Pods\"/**",
					"\"${PROJECT_DIR}/../Pods\"/**",
					"\"${PROJECT_DIR}/../Pods\"/**",
					"\"${PROJECT_DIR}/../Pods\"/**",
					"\"${PROJECT_DIR}/../Pods\"/**",
					"\"${PROJECT_DIR}/../Pods\"/**",
				);
			};
			name = Debug;
		};
		628E0EFA209C38550099B977 /* Release */ = {
			isa = XCBuildConfiguration;
			baseConfigurationReference = 02F7FCB78831C215B08E6491 /* Pods-AddrBook.release.xcconfig */;
			buildSettings = {
				ASSETCATALOG_COMPILER_APPICON_NAME = AppIcon;
				CODE_SIGN_STYLE = Automatic;
				DEVELOPMENT_TEAM = UD4PDXT9JQ;
				INFOPLIST_FILE = AddrBook/Info.plist;
				LD_RUNPATH_SEARCH_PATHS = (
					"$(inherited)",
					"@executable_path/Frameworks",
				);
				PRODUCT_BUNDLE_IDENTIFIER = hou.AddrBook;
				PRODUCT_NAME = "$(TARGET_NAME)";
				TARGETED_DEVICE_FAMILY = "1,2";
				USER_HEADER_SEARCH_PATHS = (
					"\"${PROJECT_DIR}/../Pods\"/**",
					"\"${PROJECT_DIR}/../Pods\"/**",
					"\"${PROJECT_DIR}/../Pods\"/**",
					"\"${PROJECT_DIR}/../Pods\"/**",
					"\"${PROJECT_DIR}/../Pods\"/**",
					"\"${PROJECT_DIR}/../Pods\"/**",
				);
			};
			name = Release;
		};
		628E0EFC209C38550099B977 /* Debug */ = {
			isa = XCBuildConfiguration;
			buildSettings = {
				BUNDLE_LOADER = "$(TEST_HOST)";
				CODE_SIGN_STYLE = Automatic;
				DEVELOPMENT_TEAM = UD4PDXT9JQ;
				INFOPLIST_FILE = AddrBookTests/Info.plist;
				LD_RUNPATH_SEARCH_PATHS = (
					"$(inherited)",
					"@executable_path/Frameworks",
					"@loader_path/Frameworks",
				);
				PRODUCT_BUNDLE_IDENTIFIER = hou.AddrBookTests;
				PRODUCT_NAME = "$(TARGET_NAME)";
				TARGETED_DEVICE_FAMILY = "1,2";
				TEST_HOST = "$(BUILT_PRODUCTS_DIR)/AddrBook.app/AddrBook";
			};
			name = Debug;
		};
		628E0EFD209C38550099B977 /* Release */ = {
			isa = XCBuildConfiguration;
			buildSettings = {
				BUNDLE_LOADER = "$(TEST_HOST)";
				CODE_SIGN_STYLE = Automatic;
				DEVELOPMENT_TEAM = UD4PDXT9JQ;
				INFOPLIST_FILE = AddrBookTests/Info.plist;
				LD_RUNPATH_SEARCH_PATHS = (
					"$(inherited)",
					"@executable_path/Frameworks",
					"@loader_path/Frameworks",
				);
				PRODUCT_BUNDLE_IDENTIFIER = hou.AddrBookTests;
				PRODUCT_NAME = "$(TARGET_NAME)";
				TARGETED_DEVICE_FAMILY = "1,2";
				TEST_HOST = "$(BUILT_PRODUCTS_DIR)/AddrBook.app/AddrBook";
			};
			name = Release;
		};
		628E0EFF209C38550099B977 /* Debug */ = {
			isa = XCBuildConfiguration;
			buildSettings = {
				CODE_SIGN_STYLE = Automatic;
				DEVELOPMENT_TEAM = UD4PDXT9JQ;
				INFOPLIST_FILE = AddrBookUITests/Info.plist;
				LD_RUNPATH_SEARCH_PATHS = (
					"$(inherited)",
					"@executable_path/Frameworks",
					"@loader_path/Frameworks",
				);
				PRODUCT_BUNDLE_IDENTIFIER = hou.AddrBookUITests;
				PRODUCT_NAME = "$(TARGET_NAME)";
				TARGETED_DEVICE_FAMILY = "1,2";
				TEST_TARGET_NAME = AddrBook;
			};
			name = Debug;
		};
		628E0F00209C38550099B977 /* Release */ = {
			isa = XCBuildConfiguration;
			buildSettings = {
				CODE_SIGN_STYLE = Automatic;
				DEVELOPMENT_TEAM = UD4PDXT9JQ;
				INFOPLIST_FILE = AddrBookUITests/Info.plist;
				LD_RUNPATH_SEARCH_PATHS = (
					"$(inherited)",
					"@executable_path/Frameworks",
					"@loader_path/Frameworks",
				);
				PRODUCT_BUNDLE_IDENTIFIER = hou.AddrBookUITests;
				PRODUCT_NAME = "$(TARGET_NAME)";
				TARGETED_DEVICE_FAMILY = "1,2";
				TEST_TARGET_NAME = AddrBook;
			};
			name = Release;
		};
/* End XCBuildConfiguration section */

/* Begin XCConfigurationList section */
		628E0EC4209C38540099B977 /* Build configuration list for PBXProject "AddrBook" */ = {
			isa = XCConfigurationList;
			buildConfigurations = (
				628E0EF6209C38550099B977 /* Debug */,
				628E0EF7209C38550099B977 /* Release */,
			);
			defaultConfigurationIsVisible = 0;
			defaultConfigurationName = Release;
		};
		628E0EF8209C38550099B977 /* Build configuration list for PBXNativeTarget "AddrBook" */ = {
			isa = XCConfigurationList;
			buildConfigurations = (
				628E0EF9209C38550099B977 /* Debug */,
				628E0EFA209C38550099B977 /* Release */,
			);
			defaultConfigurationIsVisible = 0;
			defaultConfigurationName = Release;
		};
		628E0EFB209C38550099B977 /* Build configuration list for PBXNativeTarget "AddrBookTests" */ = {
			isa = XCConfigurationList;
			buildConfigurations = (
				628E0EFC209C38550099B977 /* Debug */,
				628E0EFD209C38550099B977 /* Release */,
			);
			defaultConfigurationIsVisible = 0;
			defaultConfigurationName = Release;
		};
		628E0EFE209C38550099B977 /* Build configuration list for PBXNativeTarget "AddrBookUITests" */ = {
			isa = XCConfigurationList;
			buildConfigurations = (
				628E0EFF209C38550099B977 /* Debug */,
				628E0F00209C38550099B977 /* Release */,
			);
			defaultConfigurationIsVisible = 0;
			defaultConfigurationName = Release;
		};
/* End XCConfigurationList section */

/* Begin XCVersionGroup section */
		628E0ED5209C38540099B977 /* AddrBook.xcdatamodeld */ = {
			isa = XCVersionGroup;
			children = (
				628E0ED6209C38540099B977 /* AddrBook.xcdatamodel */,
			);
			currentVersion = 628E0ED6209C38540099B977 /* AddrBook.xcdatamodel */;
			path = AddrBook.xcdatamodeld;
			sourceTree = "<group>";
			versionGroupType = wrapper.xcdatamodel;
		};
/* End XCVersionGroup section */
	};
	rootObject = 628E0EC1209C38540099B977 /* Project object */;
}
